// !$*UTF8*$!
{
	archiveVersion = 1;
	classes = {
	};
	objectVersion = 56;
	objects = {

/* Begin PBXBuildFile section */
		220FA6822B009ADC000CC7D4 /* HTTPClient.swift in Sources */ = {isa = PBXBuildFile; fileRef = 220FA6812B009ADC000CC7D4 /* HTTPClient.swift */; };
		220FA6842B009B76000CC7D4 /* FeedItemsMapper.swift in Sources */ = {isa = PBXBuildFile; fileRef = 220FA6832B009B76000CC7D4 /* FeedItemsMapper.swift */; };
		224B9B972B03C04700CD4400 /* URLSessionHTTPClientTests.swift in Sources */ = {isa = PBXBuildFile; fileRef = 224B9B962B03C04700CD4400 /* URLSessionHTTPClientTests.swift */; };
		22CA275B2B0918C200D04867 /* EssentialFeedAPIEndToEndTests.swift in Sources */ = {isa = PBXBuildFile; fileRef = 22CA275A2B0918C200D04867 /* EssentialFeedAPIEndToEndTests.swift */; };
		22CA275C2B0918C200D04867 /* EssentialFeed.framework in Frameworks */ = {isa = PBXBuildFile; fileRef = 22FBF4292AFA77D600FB0AED /* EssentialFeed.framework */; };
		22CA27632B0919C700D04867 /* URLSessionHTTPClient.swift in Sources */ = {isa = PBXBuildFile; fileRef = 22CA27622B0919C700D04867 /* URLSessionHTTPClient.swift */; };
		22CA27662B0919ED00D04867 /* XCTestCase+MemoryLeakTracking.swift in Sources */ = {isa = PBXBuildFile; fileRef = 22CA27652B0919ED00D04867 /* XCTestCase+MemoryLeakTracking.swift */; };
		22CA27672B091BCD00D04867 /* XCTestCase+MemoryLeakTracking.swift in Sources */ = {isa = PBXBuildFile; fileRef = 22CA27652B0919ED00D04867 /* XCTestCase+MemoryLeakTracking.swift */; };
		22D2BC9E2AFB348200265B82 /* RemoteFeedLoader.swift in Sources */ = {isa = PBXBuildFile; fileRef = 22D2BC9D2AFB348200265B82 /* RemoteFeedLoader.swift */; };
		22FBF42E2AFA77D600FB0AED /* EssentialFeed.docc in Sources */ = {isa = PBXBuildFile; fileRef = 22FBF42D2AFA77D600FB0AED /* EssentialFeed.docc */; };
		22FBF4342AFA77D600FB0AED /* EssentialFeed.framework in Frameworks */ = {isa = PBXBuildFile; fileRef = 22FBF4292AFA77D600FB0AED /* EssentialFeed.framework */; };
		22FBF43A2AFA77D600FB0AED /* EssentialFeed.h in Headers */ = {isa = PBXBuildFile; fileRef = 22FBF42C2AFA77D600FB0AED /* EssentialFeed.h */; settings = {ATTRIBUTES = (Public, ); }; };
		22FBF4442AFA77FF00FB0AED /* FeedItem.swift in Sources */ = {isa = PBXBuildFile; fileRef = 22FBF4432AFA77FF00FB0AED /* FeedItem.swift */; };
		22FBF4462AFA8C8D00FB0AED /* FeedLoader.swift in Sources */ = {isa = PBXBuildFile; fileRef = 22FBF4452AFA8C8D00FB0AED /* FeedLoader.swift */; };
		22FBF4492AFA905600FB0AED /* LoadFeedFromRemoteUseCaseTests.swift in Sources */ = {isa = PBXBuildFile; fileRef = 22FBF4482AFA905600FB0AED /* LoadFeedFromRemoteUseCaseTests.swift */; };
/* End PBXBuildFile section */

/* Begin PBXContainerItemProxy section */
		22CA275D2B0918C200D04867 /* PBXContainerItemProxy */ = {
			isa = PBXContainerItemProxy;
			containerPortal = 22FBF4202AFA77D600FB0AED /* Project object */;
			proxyType = 1;
			remoteGlobalIDString = 22FBF4282AFA77D600FB0AED;
			remoteInfo = EssentialFeed;
		};
		22FBF4352AFA77D600FB0AED /* PBXContainerItemProxy */ = {
			isa = PBXContainerItemProxy;
			containerPortal = 22FBF4202AFA77D600FB0AED /* Project object */;
			proxyType = 1;
			remoteGlobalIDString = 22FBF4282AFA77D600FB0AED;
			remoteInfo = EssentialFeed;
		};
/* End PBXContainerItemProxy section */

/* Begin PBXFileReference section */
		220FA6812B009ADC000CC7D4 /* HTTPClient.swift */ = {isa = PBXFileReference; lastKnownFileType = sourcecode.swift; path = HTTPClient.swift; sourceTree = "<group>"; };
		220FA6832B009B76000CC7D4 /* FeedItemsMapper.swift */ = {isa = PBXFileReference; lastKnownFileType = sourcecode.swift; path = FeedItemsMapper.swift; sourceTree = "<group>"; };
		224B9B962B03C04700CD4400 /* URLSessionHTTPClientTests.swift */ = {isa = PBXFileReference; lastKnownFileType = sourcecode.swift; path = URLSessionHTTPClientTests.swift; sourceTree = "<group>"; };
		22CA27582B0918C200D04867 /* EssentialFeedAPIEndToEndTests.xctest */ = {isa = PBXFileReference; explicitFileType = wrapper.cfbundle; includeInIndex = 0; path = EssentialFeedAPIEndToEndTests.xctest; sourceTree = BUILT_PRODUCTS_DIR; };
		22CA275A2B0918C200D04867 /* EssentialFeedAPIEndToEndTests.swift */ = {isa = PBXFileReference; lastKnownFileType = sourcecode.swift; path = EssentialFeedAPIEndToEndTests.swift; sourceTree = "<group>"; };
		22CA27622B0919C700D04867 /* URLSessionHTTPClient.swift */ = {isa = PBXFileReference; lastKnownFileType = sourcecode.swift; path = URLSessionHTTPClient.swift; sourceTree = "<group>"; };
		22CA27652B0919ED00D04867 /* XCTestCase+MemoryLeakTracking.swift */ = {isa = PBXFileReference; lastKnownFileType = sourcecode.swift; path = "XCTestCase+MemoryLeakTracking.swift"; sourceTree = "<group>"; };
		22D2BC9D2AFB348200265B82 /* RemoteFeedLoader.swift */ = {isa = PBXFileReference; lastKnownFileType = sourcecode.swift; path = RemoteFeedLoader.swift; sourceTree = "<group>"; };
		22FBF4292AFA77D600FB0AED /* EssentialFeed.framework */ = {isa = PBXFileReference; explicitFileType = wrapper.framework; includeInIndex = 0; path = EssentialFeed.framework; sourceTree = BUILT_PRODUCTS_DIR; };
		22FBF42C2AFA77D600FB0AED /* EssentialFeed.h */ = {isa = PBXFileReference; lastKnownFileType = sourcecode.c.h; path = EssentialFeed.h; sourceTree = "<group>"; };
		22FBF42D2AFA77D600FB0AED /* EssentialFeed.docc */ = {isa = PBXFileReference; lastKnownFileType = folder.documentationcatalog; path = EssentialFeed.docc; sourceTree = "<group>"; };
		22FBF4332AFA77D600FB0AED /* EssentialFeedTests.xctest */ = {isa = PBXFileReference; explicitFileType = wrapper.cfbundle; includeInIndex = 0; path = EssentialFeedTests.xctest; sourceTree = BUILT_PRODUCTS_DIR; };
		22FBF4432AFA77FF00FB0AED /* FeedItem.swift */ = {isa = PBXFileReference; lastKnownFileType = sourcecode.swift; path = FeedItem.swift; sourceTree = "<group>"; };
		22FBF4452AFA8C8D00FB0AED /* FeedLoader.swift */ = {isa = PBXFileReference; lastKnownFileType = sourcecode.swift; path = FeedLoader.swift; sourceTree = "<group>"; };
		22FBF4482AFA905600FB0AED /* LoadFeedFromRemoteUseCaseTests.swift */ = {isa = PBXFileReference; lastKnownFileType = sourcecode.swift; path = LoadFeedFromRemoteUseCaseTests.swift; sourceTree = "<group>"; };
/* End PBXFileReference section */

/* Begin PBXFrameworksBuildPhase section */
		22CA27552B0918C200D04867 /* Frameworks */ = {
			isa = PBXFrameworksBuildPhase;
			buildActionMask = 2147483647;
			files = (
				22CA275C2B0918C200D04867 /* EssentialFeed.framework in Frameworks */,
			);
			runOnlyForDeploymentPostprocessing = 0;
		};
		22FBF4262AFA77D600FB0AED /* Frameworks */ = {
			isa = PBXFrameworksBuildPhase;
			buildActionMask = 2147483647;
			files = (
			);
			runOnlyForDeploymentPostprocessing = 0;
		};
		22FBF4302AFA77D600FB0AED /* Frameworks */ = {
			isa = PBXFrameworksBuildPhase;
			buildActionMask = 2147483647;
			files = (
				22FBF4342AFA77D600FB0AED /* EssentialFeed.framework in Frameworks */,
			);
			runOnlyForDeploymentPostprocessing = 0;
		};
/* End PBXFrameworksBuildPhase section */

/* Begin PBXGroup section */
		22CA27592B0918C200D04867 /* EssentialFeedAPIEndToEndTests */ = {
			isa = PBXGroup;
			children = (
				22CA275A2B0918C200D04867 /* EssentialFeedAPIEndToEndTests.swift */,
			);
			path = EssentialFeedAPIEndToEndTests;
			sourceTree = "<group>";
		};
		22CA27642B0919E000D04867 /* Helpers */ = {
			isa = PBXGroup;
			children = (
				22CA27652B0919ED00D04867 /* XCTestCase+MemoryLeakTracking.swift */,
			);
			path = Helpers;
			sourceTree = "<group>";
		};
		22D2BC9C2AFB346900265B82 /* Feed API */ = {
			isa = PBXGroup;
			children = (
				22D2BC9D2AFB348200265B82 /* RemoteFeedLoader.swift */,
				220FA6812B009ADC000CC7D4 /* HTTPClient.swift */,
				220FA6832B009B76000CC7D4 /* FeedItemsMapper.swift */,
				22CA27622B0919C700D04867 /* URLSessionHTTPClient.swift */,
			);
			path = "Feed API";
			sourceTree = "<group>";
		};
		22DD4F492B0142C300F39043 /* Feed API */ = {
			isa = PBXGroup;
			children = (
				22CA27642B0919E000D04867 /* Helpers */,
				22FBF4482AFA905600FB0AED /* LoadFeedFromRemoteUseCaseTests.swift */,
				224B9B962B03C04700CD4400 /* URLSessionHTTPClientTests.swift */,
			);
			path = "Feed API";
			sourceTree = "<group>";
		};
		22FBF41F2AFA77D600FB0AED = {
			isa = PBXGroup;
			children = (
				22FBF42B2AFA77D600FB0AED /* EssentialFeed */,
				22FBF4372AFA77D600FB0AED /* EssentialFeedTests */,
				22CA27592B0918C200D04867 /* EssentialFeedAPIEndToEndTests */,
				22FBF42A2AFA77D600FB0AED /* Products */,
			);
			sourceTree = "<group>";
		};
		22FBF42A2AFA77D600FB0AED /* Products */ = {
			isa = PBXGroup;
			children = (
				22FBF4292AFA77D600FB0AED /* EssentialFeed.framework */,
				22FBF4332AFA77D600FB0AED /* EssentialFeedTests.xctest */,
				22CA27582B0918C200D04867 /* EssentialFeedAPIEndToEndTests.xctest */,
			);
			name = Products;
			sourceTree = "<group>";
		};
		22FBF42B2AFA77D600FB0AED /* EssentialFeed */ = {
			isa = PBXGroup;
			children = (
				22FBF4472AFA8D6B00FB0AED /* FeedFeature */,
				22D2BC9C2AFB346900265B82 /* Feed API */,
				22FBF42C2AFA77D600FB0AED /* EssentialFeed.h */,
				22FBF42D2AFA77D600FB0AED /* EssentialFeed.docc */,
			);
			path = EssentialFeed;
			sourceTree = "<group>";
		};
		22FBF4372AFA77D600FB0AED /* EssentialFeedTests */ = {
			isa = PBXGroup;
			children = (
				22DD4F492B0142C300F39043 /* Feed API */,
			);
			path = EssentialFeedTests;
			sourceTree = "<group>";
		};
		22FBF4472AFA8D6B00FB0AED /* FeedFeature */ = {
			isa = PBXGroup;
			children = (
				22FBF4432AFA77FF00FB0AED /* FeedItem.swift */,
				22FBF4452AFA8C8D00FB0AED /* FeedLoader.swift */,
			);
			path = FeedFeature;
			sourceTree = "<group>";
		};
/* End PBXGroup section */

/* Begin PBXHeadersBuildPhase section */
		22FBF4242AFA77D600FB0AED /* Headers */ = {
			isa = PBXHeadersBuildPhase;
			buildActionMask = 2147483647;
			files = (
				22FBF43A2AFA77D600FB0AED /* EssentialFeed.h in Headers */,
			);
			runOnlyForDeploymentPostprocessing = 0;
		};
/* End PBXHeadersBuildPhase section */

/* Begin PBXNativeTarget section */
		22CA27572B0918C200D04867 /* EssentialFeedAPIEndToEndTests */ = {
			isa = PBXNativeTarget;
			buildConfigurationList = 22CA27612B0918C200D04867 /* Build configuration list for PBXNativeTarget "EssentialFeedAPIEndToEndTests" */;
			buildPhases = (
				22CA27542B0918C200D04867 /* Sources */,
				22CA27552B0918C200D04867 /* Frameworks */,
				22CA27562B0918C200D04867 /* Resources */,
			);
			buildRules = (
			);
			dependencies = (
				22CA275E2B0918C200D04867 /* PBXTargetDependency */,
			);
			name = EssentialFeedAPIEndToEndTests;
			productName = EssentialFeedAPIEndToEndTests;
			productReference = 22CA27582B0918C200D04867 /* EssentialFeedAPIEndToEndTests.xctest */;
			productType = "com.apple.product-type.bundle.unit-test";
		};
		22FBF4282AFA77D600FB0AED /* EssentialFeed */ = {
			isa = PBXNativeTarget;
			buildConfigurationList = 22FBF43D2AFA77D600FB0AED /* Build configuration list for PBXNativeTarget "EssentialFeed" */;
			buildPhases = (
				22FBF4242AFA77D600FB0AED /* Headers */,
				22FBF4252AFA77D600FB0AED /* Sources */,
				22FBF4262AFA77D600FB0AED /* Frameworks */,
				22FBF4272AFA77D600FB0AED /* Resources */,
			);
			buildRules = (
			);
			dependencies = (
			);
			name = EssentialFeed;
			productName = EssentialFeed;
			productReference = 22FBF4292AFA77D600FB0AED /* EssentialFeed.framework */;
			productType = "com.apple.product-type.framework";
		};
		22FBF4322AFA77D600FB0AED /* EssentialFeedTests */ = {
			isa = PBXNativeTarget;
			buildConfigurationList = 22FBF4402AFA77D600FB0AED /* Build configuration list for PBXNativeTarget "EssentialFeedTests" */;
			buildPhases = (
				22FBF42F2AFA77D600FB0AED /* Sources */,
				22FBF4302AFA77D600FB0AED /* Frameworks */,
				22FBF4312AFA77D600FB0AED /* Resources */,
			);
			buildRules = (
			);
			dependencies = (
				22FBF4362AFA77D600FB0AED /* PBXTargetDependency */,
			);
			name = EssentialFeedTests;
			productName = EssentialFeedTests;
			productReference = 22FBF4332AFA77D600FB0AED /* EssentialFeedTests.xctest */;
			productType = "com.apple.product-type.bundle.unit-test";
		};
/* End PBXNativeTarget section */

/* Begin PBXProject section */
		22FBF4202AFA77D600FB0AED /* Project object */ = {
			isa = PBXProject;
			attributes = {
				BuildIndependentTargetsInParallel = 1;
				LastSwiftUpdateCheck = 1500;
				LastUpgradeCheck = 1500;
				TargetAttributes = {
					22CA27572B0918C200D04867 = {
						CreatedOnToolsVersion = 15.0;
					};
					22FBF4282AFA77D600FB0AED = {
						CreatedOnToolsVersion = 15.0;
					};
					22FBF4322AFA77D600FB0AED = {
						CreatedOnToolsVersion = 15.0;
					};
				};
			};
			buildConfigurationList = 22FBF4232AFA77D600FB0AED /* Build configuration list for PBXProject "EssentialFeed" */;
			compatibilityVersion = "Xcode 14.0";
			developmentRegion = en;
			hasScannedForEncodings = 0;
			knownRegions = (
				en,
				Base,
			);
			mainGroup = 22FBF41F2AFA77D600FB0AED;
			productRefGroup = 22FBF42A2AFA77D600FB0AED /* Products */;
			projectDirPath = "";
			projectRoot = "";
			targets = (
				22FBF4282AFA77D600FB0AED /* EssentialFeed */,
				22FBF4322AFA77D600FB0AED /* EssentialFeedTests */,
				22CA27572B0918C200D04867 /* EssentialFeedAPIEndToEndTests */,
			);
		};
/* End PBXProject section */

/* Begin PBXResourcesBuildPhase section */
		22CA27562B0918C200D04867 /* Resources */ = {
			isa = PBXResourcesBuildPhase;
			buildActionMask = 2147483647;
			files = (
			);
			runOnlyForDeploymentPostprocessing = 0;
		};
		22FBF4272AFA77D600FB0AED /* Resources */ = {
			isa = PBXResourcesBuildPhase;
			buildActionMask = 2147483647;
			files = (
			);
			runOnlyForDeploymentPostprocessing = 0;
		};
		22FBF4312AFA77D600FB0AED /* Resources */ = {
			isa = PBXResourcesBuildPhase;
			buildActionMask = 2147483647;
			files = (
			);
			runOnlyForDeploymentPostprocessing = 0;
		};
/* End PBXResourcesBuildPhase section */

/* Begin PBXSourcesBuildPhase section */
		22CA27542B0918C200D04867 /* Sources */ = {
			isa = PBXSourcesBuildPhase;
			buildActionMask = 2147483647;
			files = (
				22CA275B2B0918C200D04867 /* EssentialFeedAPIEndToEndTests.swift in Sources */,
				22CA27672B091BCD00D04867 /* XCTestCase+MemoryLeakTracking.swift in Sources */,
			);
			runOnlyForDeploymentPostprocessing = 0;
		};
		22FBF4252AFA77D600FB0AED /* Sources */ = {
			isa = PBXSourcesBuildPhase;
			buildActionMask = 2147483647;
			files = (
				22CA27632B0919C700D04867 /* URLSessionHTTPClient.swift in Sources */,
				22D2BC9E2AFB348200265B82 /* RemoteFeedLoader.swift in Sources */,
				220FA6822B009ADC000CC7D4 /* HTTPClient.swift in Sources */,
				22FBF4462AFA8C8D00FB0AED /* FeedLoader.swift in Sources */,
				220FA6842B009B76000CC7D4 /* FeedItemsMapper.swift in Sources */,
				22FBF4442AFA77FF00FB0AED /* FeedItem.swift in Sources */,
				22FBF42E2AFA77D600FB0AED /* EssentialFeed.docc in Sources */,
			);
			runOnlyForDeploymentPostprocessing = 0;
		};
		22FBF42F2AFA77D600FB0AED /* Sources */ = {
			isa = PBXSourcesBuildPhase;
			buildActionMask = 2147483647;
			files = (
				22FBF4492AFA905600FB0AED /* LoadFeedFromRemoteUseCaseTests.swift in Sources */,
				224B9B972B03C04700CD4400 /* URLSessionHTTPClientTests.swift in Sources */,
				22CA27662B0919ED00D04867 /* XCTestCase+MemoryLeakTracking.swift in Sources */,
			);
			runOnlyForDeploymentPostprocessing = 0;
		};
/* End PBXSourcesBuildPhase section */

/* Begin PBXTargetDependency section */
		22CA275E2B0918C200D04867 /* PBXTargetDependency */ = {
			isa = PBXTargetDependency;
			target = 22FBF4282AFA77D600FB0AED /* EssentialFeed */;
			targetProxy = 22CA275D2B0918C200D04867 /* PBXContainerItemProxy */;
		};
		22FBF4362AFA77D600FB0AED /* PBXTargetDependency */ = {
			isa = PBXTargetDependency;
			target = 22FBF4282AFA77D600FB0AED /* EssentialFeed */;
			targetProxy = 22FBF4352AFA77D600FB0AED /* PBXContainerItemProxy */;
		};
/* End PBXTargetDependency section */

/* Begin XCBuildConfiguration section */
		22CA275F2B0918C200D04867 /* Debug */ = {
			isa = XCBuildConfiguration;
			buildSettings = {
				CODE_SIGN_STYLE = Automatic;
				CURRENT_PROJECT_VERSION = 1;
				GENERATE_INFOPLIST_FILE = YES;
				MARKETING_VERSION = 1.0;
				PRODUCT_BUNDLE_IDENTIFIER = com.practice.EssentialFeedAPIEndToEndTests;
				PRODUCT_NAME = "$(TARGET_NAME)";
				SWIFT_EMIT_LOC_STRINGS = NO;
				SWIFT_VERSION = 5.0;
				TARGETED_DEVICE_FAMILY = "1,2";
			};
			name = Debug;
		};
		22CA27602B0918C200D04867 /* Release */ = {
			isa = XCBuildConfiguration;
			buildSettings = {
				CODE_SIGN_STYLE = Automatic;
				CURRENT_PROJECT_VERSION = 1;
				GENERATE_INFOPLIST_FILE = YES;
				MARKETING_VERSION = 1.0;
				PRODUCT_BUNDLE_IDENTIFIER = com.practice.EssentialFeedAPIEndToEndTests;
				PRODUCT_NAME = "$(TARGET_NAME)";
				SWIFT_EMIT_LOC_STRINGS = NO;
				SWIFT_VERSION = 5.0;
				TARGETED_DEVICE_FAMILY = "1,2";
			};
			name = Release;
		};
		22FBF43B2AFA77D600FB0AED /* Debug */ = {
			isa = XCBuildConfiguration;
			buildSettings = {
				ALWAYS_SEARCH_USER_PATHS = NO;
				ASSETCATALOG_COMPILER_GENERATE_SWIFT_ASSET_SYMBOL_EXTENSIONS = YES;
				CLANG_ANALYZER_NONNULL = YES;
				CLANG_ANALYZER_NUMBER_OBJECT_CONVERSION = YES_AGGRESSIVE;
				CLANG_CXX_LANGUAGE_STANDARD = "gnu++20";
				CLANG_ENABLE_MODULES = YES;
				CLANG_ENABLE_OBJC_ARC = YES;
				CLANG_ENABLE_OBJC_WEAK = YES;
				CLANG_WARN_BLOCK_CAPTURE_AUTORELEASING = YES;
				CLANG_WARN_BOOL_CONVERSION = YES;
				CLANG_WARN_COMMA = YES;
				CLANG_WARN_CONSTANT_CONVERSION = YES;
				CLANG_WARN_DEPRECATED_OBJC_IMPLEMENTATIONS = YES;
				CLANG_WARN_DIRECT_OBJC_ISA_USAGE = YES_ERROR;
				CLANG_WARN_DOCUMENTATION_COMMENTS = YES;
				CLANG_WARN_EMPTY_BODY = YES;
				CLANG_WARN_ENUM_CONVERSION = YES;
				CLANG_WARN_INFINITE_RECURSION = YES;
				CLANG_WARN_INT_CONVERSION = YES;
				CLANG_WARN_NON_LITERAL_NULL_CONVERSION = YES;
				CLANG_WARN_OBJC_IMPLICIT_RETAIN_SELF = YES;
				CLANG_WARN_OBJC_LITERAL_CONVERSION = YES;
				CLANG_WARN_OBJC_ROOT_CLASS = YES_ERROR;
				CLANG_WARN_QUOTED_INCLUDE_IN_FRAMEWORK_HEADER = YES;
				CLANG_WARN_RANGE_LOOP_ANALYSIS = YES;
				CLANG_WARN_STRICT_PROTOTYPES = YES;
				CLANG_WARN_SUSPICIOUS_MOVE = YES;
				CLANG_WARN_UNGUARDED_AVAILABILITY = YES_AGGRESSIVE;
				CLANG_WARN_UNREACHABLE_CODE = YES;
				CLANG_WARN__DUPLICATE_METHOD_MATCH = YES;
				COPY_PHASE_STRIP = NO;
				CURRENT_PROJECT_VERSION = 1;
				DEBUG_INFORMATION_FORMAT = dwarf;
				ENABLE_STRICT_OBJC_MSGSEND = YES;
				ENABLE_TESTABILITY = YES;
				ENABLE_USER_SCRIPT_SANDBOXING = YES;
				GCC_C_LANGUAGE_STANDARD = gnu17;
				GCC_DYNAMIC_NO_PIC = NO;
				GCC_NO_COMMON_BLOCKS = YES;
				GCC_OPTIMIZATION_LEVEL = 0;
				GCC_PREPROCESSOR_DEFINITIONS = (
					"DEBUG=1",
					"$(inherited)",
				);
				GCC_WARN_64_TO_32_BIT_CONVERSION = YES;
				GCC_WARN_ABOUT_RETURN_TYPE = YES_ERROR;
				GCC_WARN_UNDECLARED_SELECTOR = YES;
				GCC_WARN_UNINITIALIZED_AUTOS = YES_AGGRESSIVE;
				GCC_WARN_UNUSED_FUNCTION = YES;
				GCC_WARN_UNUSED_VARIABLE = YES;
				IPHONEOS_DEPLOYMENT_TARGET = 17.0;
				LOCALIZATION_PREFERS_STRING_CATALOGS = YES;
				MTL_ENABLE_DEBUG_INFO = INCLUDE_SOURCE;
				MTL_FAST_MATH = YES;
				ONLY_ACTIVE_ARCH = YES;
				SDKROOT = iphoneos;
				SWIFT_ACTIVE_COMPILATION_CONDITIONS = "DEBUG $(inherited)";
				SWIFT_OPTIMIZATION_LEVEL = "-Onone";
				VERSIONING_SYSTEM = "apple-generic";
				VERSION_INFO_PREFIX = "";
			};
			name = Debug;
		};
		22FBF43C2AFA77D600FB0AED /* Release */ = {
			isa = XCBuildConfiguration;
			buildSettings = {
				ALWAYS_SEARCH_USER_PATHS = NO;
				ASSETCATALOG_COMPILER_GENERATE_SWIFT_ASSET_SYMBOL_EXTENSIONS = YES;
				CLANG_ANALYZER_NONNULL = YES;
				CLANG_ANALYZER_NUMBER_OBJECT_CONVERSION = YES_AGGRESSIVE;
				CLANG_CXX_LANGUAGE_STANDARD = "gnu++20";
				CLANG_ENABLE_MODULES = YES;
				CLANG_ENABLE_OBJC_ARC = YES;
				CLANG_ENABLE_OBJC_WEAK = YES;
				CLANG_WARN_BLOCK_CAPTURE_AUTORELEASING = YES;
				CLANG_WARN_BOOL_CONVERSION = YES;
				CLANG_WARN_COMMA = YES;
				CLANG_WARN_CONSTANT_CONVERSION = YES;
				CLANG_WARN_DEPRECATED_OBJC_IMPLEMENTATIONS = YES;
				CLANG_WARN_DIRECT_OBJC_ISA_USAGE = YES_ERROR;
				CLANG_WARN_DOCUMENTATION_COMMENTS = YES;
				CLANG_WARN_EMPTY_BODY = YES;
				CLANG_WARN_ENUM_CONVERSION = YES;
				CLANG_WARN_INFINITE_RECURSION = YES;
				CLANG_WARN_INT_CONVERSION = YES;
				CLANG_WARN_NON_LITERAL_NULL_CONVERSION = YES;
				CLANG_WARN_OBJC_IMPLICIT_RETAIN_SELF = YES;
				CLANG_WARN_OBJC_LITERAL_CONVERSION = YES;
				CLANG_WARN_OBJC_ROOT_CLASS = YES_ERROR;
				CLANG_WARN_QUOTED_INCLUDE_IN_FRAMEWORK_HEADER = YES;
				CLANG_WARN_RANGE_LOOP_ANALYSIS = YES;
				CLANG_WARN_STRICT_PROTOTYPES = YES;
				CLANG_WARN_SUSPICIOUS_MOVE = YES;
				CLANG_WARN_UNGUARDED_AVAILABILITY = YES_AGGRESSIVE;
				CLANG_WARN_UNREACHABLE_CODE = YES;
				CLANG_WARN__DUPLICATE_METHOD_MATCH = YES;
				COPY_PHASE_STRIP = NO;
				CURRENT_PROJECT_VERSION = 1;
				DEBUG_INFORMATION_FORMAT = "dwarf-with-dsym";
				ENABLE_NS_ASSERTIONS = NO;
				ENABLE_STRICT_OBJC_MSGSEND = YES;
				ENABLE_USER_SCRIPT_SANDBOXING = YES;
				GCC_C_LANGUAGE_STANDARD = gnu17;
				GCC_NO_COMMON_BLOCKS = YES;
				GCC_WARN_64_TO_32_BIT_CONVERSION = YES;
				GCC_WARN_ABOUT_RETURN_TYPE = YES_ERROR;
				GCC_WARN_UNDECLARED_SELECTOR = YES;
				GCC_WARN_UNINITIALIZED_AUTOS = YES_AGGRESSIVE;
				GCC_WARN_UNUSED_FUNCTION = YES;
				GCC_WARN_UNUSED_VARIABLE = YES;
				IPHONEOS_DEPLOYMENT_TARGET = 17.0;
				LOCALIZATION_PREFERS_STRING_CATALOGS = YES;
				MTL_ENABLE_DEBUG_INFO = NO;
				MTL_FAST_MATH = YES;
				SDKROOT = iphoneos;
				SWIFT_COMPILATION_MODE = wholemodule;
				VALIDATE_PRODUCT = YES;
				VERSIONING_SYSTEM = "apple-generic";
				VERSION_INFO_PREFIX = "";
			};
			name = Release;
		};
		22FBF43E2AFA77D600FB0AED /* Debug */ = {
			isa = XCBuildConfiguration;
			buildSettings = {
				CODE_SIGN_STYLE = Automatic;
				CURRENT_PROJECT_VERSION = 1;
				DEFINES_MODULE = YES;
				DYLIB_COMPATIBILITY_VERSION = 1;
				DYLIB_CURRENT_VERSION = 1;
				DYLIB_INSTALL_NAME_BASE = "@rpath";
				ENABLE_MODULE_VERIFIER = YES;
				GENERATE_INFOPLIST_FILE = YES;
				INFOPLIST_KEY_NSHumanReadableCopyright = "";
				INSTALL_PATH = "$(LOCAL_LIBRARY_DIR)/Frameworks";
				LD_RUNPATH_SEARCH_PATHS = (
					"$(inherited)",
					"@executable_path/Frameworks",
					"@loader_path/Frameworks",
				);
				MARKETING_VERSION = 1.0;
				MODULE_VERIFIER_SUPPORTED_LANGUAGES = "objective-c objective-c++";
				MODULE_VERIFIER_SUPPORTED_LANGUAGE_STANDARDS = "gnu17 gnu++20";
				PRODUCT_BUNDLE_IDENTIFIER = com.practice.EssentialFeed;
				PRODUCT_NAME = "$(TARGET_NAME:c99extidentifier)";
				SKIP_INSTALL = YES;
				SWIFT_EMIT_LOC_STRINGS = YES;
				SWIFT_VERSION = 5.0;
				TARGETED_DEVICE_FAMILY = "1,2";
			};
			name = Debug;
		};
		22FBF43F2AFA77D600FB0AED /* Release */ = {
			isa = XCBuildConfiguration;
			buildSettings = {
				CODE_SIGN_STYLE = Automatic;
				CURRENT_PROJECT_VERSION = 1;
				DEFINES_MODULE = YES;
				DYLIB_COMPATIBILITY_VERSION = 1;
				DYLIB_CURRENT_VERSION = 1;
				DYLIB_INSTALL_NAME_BASE = "@rpath";
				ENABLE_MODULE_VERIFIER = YES;
				GENERATE_INFOPLIST_FILE = YES;
				INFOPLIST_KEY_NSHumanReadableCopyright = "";
				INSTALL_PATH = "$(LOCAL_LIBRARY_DIR)/Frameworks";
				LD_RUNPATH_SEARCH_PATHS = (
					"$(inherited)",
					"@executable_path/Frameworks",
					"@loader_path/Frameworks",
				);
				MARKETING_VERSION = 1.0;
				MODULE_VERIFIER_SUPPORTED_LANGUAGES = "objective-c objective-c++";
				MODULE_VERIFIER_SUPPORTED_LANGUAGE_STANDARDS = "gnu17 gnu++20";
				PRODUCT_BUNDLE_IDENTIFIER = com.practice.EssentialFeed;
				PRODUCT_NAME = "$(TARGET_NAME:c99extidentifier)";
				SKIP_INSTALL = YES;
				SWIFT_EMIT_LOC_STRINGS = YES;
				SWIFT_VERSION = 5.0;
				TARGETED_DEVICE_FAMILY = "1,2";
			};
			name = Release;
		};
		22FBF4412AFA77D600FB0AED /* Debug */ = {
			isa = XCBuildConfiguration;
			buildSettings = {
				ALWAYS_EMBED_SWIFT_STANDARD_LIBRARIES = YES;
				CODE_SIGN_STYLE = Automatic;
				CURRENT_PROJECT_VERSION = 1;
				GENERATE_INFOPLIST_FILE = YES;
				MARKETING_VERSION = 1.0;
				PRODUCT_BUNDLE_IDENTIFIER = com.practice.EssentialFeedTests;
				PRODUCT_NAME = "$(TARGET_NAME)";
				SWIFT_EMIT_LOC_STRINGS = NO;
				SWIFT_VERSION = 5.0;
				TARGETED_DEVICE_FAMILY = "1,2";
			};
			name = Debug;
		};
		22FBF4422AFA77D600FB0AED /* Release */ = {
			isa = XCBuildConfiguration;
			buildSettings = {
				ALWAYS_EMBED_SWIFT_STANDARD_LIBRARIES = YES;
				CODE_SIGN_STYLE = Automatic;
				CURRENT_PROJECT_VERSION = 1;
				GENERATE_INFOPLIST_FILE = YES;
				MARKETING_VERSION = 1.0;
				PRODUCT_BUNDLE_IDENTIFIER = com.practice.EssentialFeedTests;
				PRODUCT_NAME = "$(TARGET_NAME)";
				SWIFT_EMIT_LOC_STRINGS = NO;
				SWIFT_VERSION = 5.0;
				TARGETED_DEVICE_FAMILY = "1,2";
			};
			name = Release;
		};
/* End XCBuildConfiguration section */

/* Begin XCConfigurationList section */
		22CA27612B0918C200D04867 /* Build configuration list for PBXNativeTarget "EssentialFeedAPIEndToEndTests" */ = {
			isa = XCConfigurationList;
			buildConfigurations = (
				22CA275F2B0918C200D04867 /* Debug */,
				22CA27602B0918C200D04867 /* Release */,
			);
			defaultConfigurationIsVisible = 0;
			defaultConfigurationName = Release;
		};
		22FBF4232AFA77D600FB0AED /* Build configuration list for PBXProject "EssentialFeed" */ = {
			isa = XCConfigurationList;
			buildConfigurations = (
				22FBF43B2AFA77D600FB0AED /* Debug */,
				22FBF43C2AFA77D600FB0AED /* Release */,
			);
			defaultConfigurationIsVisible = 0;
			defaultConfigurationName = Release;
		};
		22FBF43D2AFA77D600FB0AED /* Build configuration list for PBXNativeTarget "EssentialFeed" */ = {
			isa = XCConfigurationList;
			buildConfigurations = (
				22FBF43E2AFA77D600FB0AED /* Debug */,
				22FBF43F2AFA77D600FB0AED /* Release */,
			);
			defaultConfigurationIsVisible = 0;
			defaultConfigurationName = Release;
		};
		22FBF4402AFA77D600FB0AED /* Build configuration list for PBXNativeTarget "EssentialFeedTests" */ = {
			isa = XCConfigurationList;
			buildConfigurations = (
				22FBF4412AFA77D600FB0AED /* Debug */,
				22FBF4422AFA77D600FB0AED /* Release */,
			);
			defaultConfigurationIsVisible = 0;
			defaultConfigurationName = Release;
		};
/* End XCConfigurationList section */
	};
	rootObject = 22FBF4202AFA77D600FB0AED /* Project object */;
}
