// !$*UTF8*$!
{
	archiveVersion = 1;
	classes = {
	};
	objectVersion = 56;
	objects = {

/* Begin PBXBuildFile section */
		220191E82B898F46009CD7BA /* HTTPClientSpy.swift in Sources */ = {isa = PBXBuildFile; fileRef = 220191E72B898F46009CD7BA /* HTTPClientSpy.swift */; };
		220191EA2B89902F009CD7BA /* RemoteFeedImageDataLoader.swift in Sources */ = {isa = PBXBuildFile; fileRef = 220191E92B89902F009CD7BA /* RemoteFeedImageDataLoader.swift */; };
		220191ED2B89BA82009CD7BA /* HTTPURLResponse+StatusCode.swift in Sources */ = {isa = PBXBuildFile; fileRef = 220191EC2B89BA82009CD7BA /* HTTPURLResponse+StatusCode.swift */; };
		220191EF2B89BAF4009CD7BA /* URLProtocolStub.swift in Sources */ = {isa = PBXBuildFile; fileRef = 220191EE2B89BAF4009CD7BA /* URLProtocolStub.swift */; };
		2209B65E2B0B7C800022A8B9 /* CacheFeedUseCaseTests.swift in Sources */ = {isa = PBXBuildFile; fileRef = 2209B65D2B0B7C800022A8B9 /* CacheFeedUseCaseTests.swift */; };
		220FA6822B009ADC000CC7D4 /* HTTPClient.swift in Sources */ = {isa = PBXBuildFile; fileRef = 220FA6812B009ADC000CC7D4 /* HTTPClient.swift */; };
		220FA6842B009B76000CC7D4 /* FeedItemsMapper.swift in Sources */ = {isa = PBXBuildFile; fileRef = 220FA6832B009B76000CC7D4 /* FeedItemsMapper.swift */; };
		220FE8862B8D127600578298 /* LoadFeedImageDataFromCacheUseCaseTests.swift in Sources */ = {isa = PBXBuildFile; fileRef = 220FE8852B8D127600578298 /* LoadFeedImageDataFromCacheUseCaseTests.swift */; };
		220FE8882B8D198C00578298 /* FeedImageDataStoreSpy.swift in Sources */ = {isa = PBXBuildFile; fileRef = 220FE8872B8D198C00578298 /* FeedImageDataStoreSpy.swift */; };
		220FE88A2B8D1D7600578298 /* CacheFeedImageDataUseCaseTests.swift in Sources */ = {isa = PBXBuildFile; fileRef = 220FE8892B8D1D7600578298 /* CacheFeedImageDataUseCaseTests.swift */; };
		220FE88C2B8D204800578298 /* CoreDataFeedImageDataStoreTests.swift in Sources */ = {isa = PBXBuildFile; fileRef = 220FE88B2B8D204800578298 /* CoreDataFeedImageDataStoreTests.swift */; };
		22176B982B92CC4A00D6BD53 /* UIViewController+Snapshot.swift in Sources */ = {isa = PBXBuildFile; fileRef = 22176B972B92CC4A00D6BD53 /* UIViewController+Snapshot.swift */; };
		22176B9A2B92CC9800D6BD53 /* XCTestCase+Snapshot.swift in Sources */ = {isa = PBXBuildFile; fileRef = 22176B992B92CC9800D6BD53 /* XCTestCase+Snapshot.swift */; };
		221FBB482B35F02A0089428E /* FeedImageCellController.swift in Sources */ = {isa = PBXBuildFile; fileRef = 221FBB472B35F02A0089428E /* FeedImageCellController.swift */; };
		22351F8E2B30C2F1001E2295 /* FeedImageCell.swift in Sources */ = {isa = PBXBuildFile; fileRef = 22351F8D2B30C2F1001E2295 /* FeedImageCell.swift */; };
		224B199E2B27BE960062A0D2 /* EssentialFeediOS.framework in Frameworks */ = {isa = PBXBuildFile; fileRef = 224B19962B27BE960062A0D2 /* EssentialFeediOS.framework */; };
		224B9B972B03C04700CD4400 /* URLSessionHTTPClientTests.swift in Sources */ = {isa = PBXBuildFile; fileRef = 224B9B962B03C04700CD4400 /* URLSessionHTTPClientTests.swift */; };
		225F7EE92B2A1D800084B880 /* FeedViewController.swift in Sources */ = {isa = PBXBuildFile; fileRef = 225F7EE82B2A1D800084B880 /* FeedViewController.swift */; };
		225F7EF32B2A217E0084B880 /* CoreDataFeedStoreTests.swift in Sources */ = {isa = PBXBuildFile; fileRef = 225F7EF22B2A217E0084B880 /* CoreDataFeedStoreTests.swift */; };
		225F7EF62B2A24430084B880 /* EssentialFeed.framework in Frameworks */ = {isa = PBXBuildFile; fileRef = 22FBF4292AFA77D600FB0AED /* EssentialFeed.framework */; };
		225F7EF72B2A24430084B880 /* EssentialFeed.framework in Embed Frameworks */ = {isa = PBXBuildFile; fileRef = 22FBF4292AFA77D600FB0AED /* EssentialFeed.framework */; settings = {ATTRIBUTES = (CodeSignOnCopy, RemoveHeadersOnCopy, ); }; };
		2263B8E82B2574E7001477EF /* FeedStoreSpecs.swift in Sources */ = {isa = PBXBuildFile; fileRef = 2263B8E72B2574E7001477EF /* FeedStoreSpecs.swift */; };
		2263B8EA2B257515001477EF /* XCTestCase+FailableDeleteFeedStoreSpecs.swift in Sources */ = {isa = PBXBuildFile; fileRef = 2263B8E92B257515001477EF /* XCTestCase+FailableDeleteFeedStoreSpecs.swift */; };
		2263B8EC2B257543001477EF /* XCTestCase+FailableInsertFeedStoreSpecs.swift in Sources */ = {isa = PBXBuildFile; fileRef = 2263B8EB2B257543001477EF /* XCTestCase+FailableInsertFeedStoreSpecs.swift */; };
		2263B8EE2B257563001477EF /* XCTestCase+FailableRetrieveFeedStoreSpecs.swift in Sources */ = {isa = PBXBuildFile; fileRef = 2263B8ED2B257563001477EF /* XCTestCase+FailableRetrieveFeedStoreSpecs.swift */; };
		2263B8F02B257587001477EF /* XCTestCase+FeedStoreSpecs.swift in Sources */ = {isa = PBXBuildFile; fileRef = 2263B8EF2B257587001477EF /* XCTestCase+FeedStoreSpecs.swift */; };
		226AE3702B852E6C0091F095 /* FeedImagePresenter.swift in Sources */ = {isa = PBXBuildFile; fileRef = 226AE36F2B852E6C0091F095 /* FeedImagePresenter.swift */; };
		226AE3742B852EA40091F095 /* FeedLoadingViewModel.swift in Sources */ = {isa = PBXBuildFile; fileRef = 226AE3732B852EA40091F095 /* FeedLoadingViewModel.swift */; };
		226AE3782B852ED90091F095 /* FeedViewModel.swift in Sources */ = {isa = PBXBuildFile; fileRef = 226AE3772B852ED90091F095 /* FeedViewModel.swift */; };
		2286BD072B33494000837E10 /* UIView+Shimmering.swift in Sources */ = {isa = PBXBuildFile; fileRef = 2286BD062B33494000837E10 /* UIView+Shimmering.swift */; };
		229EE8122B7A9592009D5D37 /* FeedCachePolicy.swift in Sources */ = {isa = PBXBuildFile; fileRef = 229EE8112B7A9592009D5D37 /* FeedCachePolicy.swift */; };
		229EE8142B7A959B009D5D37 /* FeedImageDataStore.swift in Sources */ = {isa = PBXBuildFile; fileRef = 229EE8132B7A959B009D5D37 /* FeedImageDataStore.swift */; };
		229EE8162B7A95A4009D5D37 /* FeedStore.swift in Sources */ = {isa = PBXBuildFile; fileRef = 229EE8152B7A95A4009D5D37 /* FeedStore.swift */; };
		229EE81A2B7A95B9009D5D37 /* LocalFeedImage.swift in Sources */ = {isa = PBXBuildFile; fileRef = 229EE8172B7A95B9009D5D37 /* LocalFeedImage.swift */; };
		229EE81B2B7A95B9009D5D37 /* LocalFeedImageDataLoader.swift in Sources */ = {isa = PBXBuildFile; fileRef = 229EE8182B7A95B9009D5D37 /* LocalFeedImageDataLoader.swift */; };
		229EE81C2B7A95B9009D5D37 /* LocalFeedLoader.swift in Sources */ = {isa = PBXBuildFile; fileRef = 229EE8192B7A95B9009D5D37 /* LocalFeedLoader.swift */; };
		229EE8282B7A95D0009D5D37 /* CoreDataFeedStore+FeedImageDataStore.swift in Sources */ = {isa = PBXBuildFile; fileRef = 229EE8212B7A95D0009D5D37 /* CoreDataFeedStore+FeedImageDataStore.swift */; };
		229EE8292B7A95D0009D5D37 /* ManagedFeedImage.swift in Sources */ = {isa = PBXBuildFile; fileRef = 229EE8222B7A95D0009D5D37 /* ManagedFeedImage.swift */; };
		229EE82A2B7A95D0009D5D37 /* ManagedCache.swift in Sources */ = {isa = PBXBuildFile; fileRef = 229EE8232B7A95D0009D5D37 /* ManagedCache.swift */; };
		229EE82B2B7A95D0009D5D37 /* CoreDataHelpers.swift in Sources */ = {isa = PBXBuildFile; fileRef = 229EE8242B7A95D0009D5D37 /* CoreDataHelpers.swift */; };
		229EE82C2B7A95D0009D5D37 /* CoreDataFeedStore.swift in Sources */ = {isa = PBXBuildFile; fileRef = 229EE8252B7A95D0009D5D37 /* CoreDataFeedStore.swift */; };
		229EE82D2B7A95D0009D5D37 /* CoreDataFeedStore+FeedStore.swift in Sources */ = {isa = PBXBuildFile; fileRef = 229EE8262B7A95D0009D5D37 /* CoreDataFeedStore+FeedStore.swift */; };
		229EE82F2B7A960D009D5D37 /* FeedImageDataCache.swift in Sources */ = {isa = PBXBuildFile; fileRef = 229EE82E2B7A960D009D5D37 /* FeedImageDataCache.swift */; };
		229EE8312B7A9627009D5D37 /* FeedImagedataLoader.swift in Sources */ = {isa = PBXBuildFile; fileRef = 229EE8302B7A9627009D5D37 /* FeedImagedataLoader.swift */; };
		229EE8332B7A9678009D5D37 /* FeedCache.swift in Sources */ = {isa = PBXBuildFile; fileRef = 229EE8322B7A9678009D5D37 /* FeedCache.swift */; };
		229EE8372B7A9819009D5D37 /* FeedStore.xcdatamodeld in Sources */ = {isa = PBXBuildFile; fileRef = 229EE8342B7A9819009D5D37 /* FeedStore.xcdatamodeld */; };
		229EE83F2B7A989C009D5D37 /* EssentialFeedCacheIntegrationTests.swift in Sources */ = {isa = PBXBuildFile; fileRef = 229EE83E2B7A989C009D5D37 /* EssentialFeedCacheIntegrationTests.swift */; };
		229EE8402B7A989C009D5D37 /* EssentialFeed.framework in Frameworks */ = {isa = PBXBuildFile; fileRef = 22FBF4292AFA77D600FB0AED /* EssentialFeed.framework */; };
		229EE8462B7A98E8009D5D37 /* FeedCacheTestHelpers.swift in Sources */ = {isa = PBXBuildFile; fileRef = 22BD4ED72B18E4C100B437A4 /* FeedCacheTestHelpers.swift */; };
		229EE8472B7A9951009D5D37 /* SharedTestHelpers.swift in Sources */ = {isa = PBXBuildFile; fileRef = 22BD4ED52B18E32F00B437A4 /* SharedTestHelpers.swift */; };
		229EE8482B7A997F009D5D37 /* XCTestCase+MemoryLeakTracking.swift in Sources */ = {isa = PBXBuildFile; fileRef = 22CA27652B0919ED00D04867 /* XCTestCase+MemoryLeakTracking.swift */; };
		22A0C4B42B85C67400173058 /* Feed.storyboard in Resources */ = {isa = PBXBuildFile; fileRef = 22A0C4B32B85C67400173058 /* Feed.storyboard */; };
		22A0C4B62B85E3DC00173058 /* Feed.xcassets in Resources */ = {isa = PBXBuildFile; fileRef = 22A0C4B52B85E3DC00173058 /* Feed.xcassets */; };
		22A0C4B82B85E83700173058 /* UIImageView+Animations.swift in Sources */ = {isa = PBXBuildFile; fileRef = 22A0C4B72B85E83700173058 /* UIImageView+Animations.swift */; };
		22A0C4BA2B85E85400173058 /* UITableView+DequeCell.swift in Sources */ = {isa = PBXBuildFile; fileRef = 22A0C4B92B85E85400173058 /* UITableView+DequeCell.swift */; };
		22A0C4BF2B865A9800173058 /* FeedLocalizationTests.swift in Sources */ = {isa = PBXBuildFile; fileRef = 22A0C4BE2B865A9800173058 /* FeedLocalizationTests.swift */; };
		22A0C4C02B865C5F00173058 /* Feed.strings in Resources */ = {isa = PBXBuildFile; fileRef = 22A0C4C22B865C5F00173058 /* Feed.strings */; };
		22A0C4D22B866E4E00173058 /* FeedErrorViewModel.swift in Sources */ = {isa = PBXBuildFile; fileRef = 22A0C4D12B866E4E00173058 /* FeedErrorViewModel.swift */; };
		22A0C4D42B8677F200173058 /* ErrorView.swift in Sources */ = {isa = PBXBuildFile; fileRef = 22A0C4D32B8677F200173058 /* ErrorView.swift */; };
		22A0C4D62B86836C00173058 /* UIRefreshControl+Helpers.swift in Sources */ = {isa = PBXBuildFile; fileRef = 22A0C4D52B86836C00173058 /* UIRefreshControl+Helpers.swift */; };
		22BD4ED42B18DA5E00B437A4 /* ValidateFeedCacheUseCaseTests.swift in Sources */ = {isa = PBXBuildFile; fileRef = 22BD4ED32B18DA5E00B437A4 /* ValidateFeedCacheUseCaseTests.swift */; };
		22BD4ED62B18E32F00B437A4 /* SharedTestHelpers.swift in Sources */ = {isa = PBXBuildFile; fileRef = 22BD4ED52B18E32F00B437A4 /* SharedTestHelpers.swift */; };
		22BD4ED82B18E4C100B437A4 /* FeedCacheTestHelpers.swift in Sources */ = {isa = PBXBuildFile; fileRef = 22BD4ED72B18E4C100B437A4 /* FeedCacheTestHelpers.swift */; };
		22BDF6C72B8905020032D7FE /* LoadFeedImageDataFromRemoteUseCaseTests.swift in Sources */ = {isa = PBXBuildFile; fileRef = 22BDF6C62B8905020032D7FE /* LoadFeedImageDataFromRemoteUseCaseTests.swift */; };
		22CA275B2B0918C200D04867 /* EssentialFeedAPIEndToEndTests.swift in Sources */ = {isa = PBXBuildFile; fileRef = 22CA275A2B0918C200D04867 /* EssentialFeedAPIEndToEndTests.swift */; };
		22CA275C2B0918C200D04867 /* EssentialFeed.framework in Frameworks */ = {isa = PBXBuildFile; fileRef = 22FBF4292AFA77D600FB0AED /* EssentialFeed.framework */; };
		22CA27632B0919C700D04867 /* URLSessionHTTPClient.swift in Sources */ = {isa = PBXBuildFile; fileRef = 22CA27622B0919C700D04867 /* URLSessionHTTPClient.swift */; };
		22CA27662B0919ED00D04867 /* XCTestCase+MemoryLeakTracking.swift in Sources */ = {isa = PBXBuildFile; fileRef = 22CA27652B0919ED00D04867 /* XCTestCase+MemoryLeakTracking.swift */; };
		22CA27672B091BCD00D04867 /* XCTestCase+MemoryLeakTracking.swift in Sources */ = {isa = PBXBuildFile; fileRef = 22CA27652B0919ED00D04867 /* XCTestCase+MemoryLeakTracking.swift */; };
		22D2BC9E2AFB348200265B82 /* RemoteFeedLoader.swift in Sources */ = {isa = PBXBuildFile; fileRef = 22D2BC9D2AFB348200265B82 /* RemoteFeedLoader.swift */; };
		22E5040F2B87ADB700BDE2D0 /* FeedImagePresenterTests.swift in Sources */ = {isa = PBXBuildFile; fileRef = 22E5040E2B87ADB700BDE2D0 /* FeedImagePresenterTests.swift */; };
		22E504192B87B23000BDE2D0 /* FeedPresenter.swift in Sources */ = {isa = PBXBuildFile; fileRef = 22E504182B87B23000BDE2D0 /* FeedPresenter.swift */; };
		22E5041B2B87B2D900BDE2D0 /* FeedErrorViewModel.swift in Sources */ = {isa = PBXBuildFile; fileRef = 22E5041A2B87B2D900BDE2D0 /* FeedErrorViewModel.swift */; };
		22E5041D2B87B30600BDE2D0 /* FeedLoadingViewModel.swift in Sources */ = {isa = PBXBuildFile; fileRef = 22E5041C2B87B30600BDE2D0 /* FeedLoadingViewModel.swift */; };
		22E5041F2B87B33300BDE2D0 /* FeedImagePresenter.swift in Sources */ = {isa = PBXBuildFile; fileRef = 22E5041E2B87B33300BDE2D0 /* FeedImagePresenter.swift */; };
		22E504212B87B34800BDE2D0 /* FeedImageViewModel.swift in Sources */ = {isa = PBXBuildFile; fileRef = 22E504202B87B34800BDE2D0 /* FeedImageViewModel.swift */; };
		22E504232B87B37300BDE2D0 /* FeedViewModel.swift in Sources */ = {isa = PBXBuildFile; fileRef = 22E504222B87B37300BDE2D0 /* FeedViewModel.swift */; };
		22E504252B87B3AA00BDE2D0 /* FeedLocalizationTests.swift in Sources */ = {isa = PBXBuildFile; fileRef = 22E504242B87B3AA00BDE2D0 /* FeedLocalizationTests.swift */; };
		22E504272B87B3C300BDE2D0 /* FeedPresenterTests.swift in Sources */ = {isa = PBXBuildFile; fileRef = 22E504262B87B3C300BDE2D0 /* FeedPresenterTests.swift */; };
		22E5042A2B87B80100BDE2D0 /* Feed.strings in Resources */ = {isa = PBXBuildFile; fileRef = 22E5042C2B87B80100BDE2D0 /* Feed.strings */; };
		22EA2F502B923B1A0055D249 /* UIImage+TestHelpers.swift in Sources */ = {isa = PBXBuildFile; fileRef = 22EA2F4F2B923B1A0055D249 /* UIImage+TestHelpers.swift */; };
		22EA2F522B923B460055D249 /* FeedSnapshotTests.swift in Sources */ = {isa = PBXBuildFile; fileRef = 22EA2F512B923B450055D249 /* FeedSnapshotTests.swift */; };
		22EA2F542B923BFD0055D249 /* UITableView+HeaderSizing.swift in Sources */ = {isa = PBXBuildFile; fileRef = 22EA2F532B923BFD0055D249 /* UITableView+HeaderSizing.swift */; };
		22F3E63A2B29C1EB004D8DB0 /* XCTestCase+MemoryLeakTracking.swift in Sources */ = {isa = PBXBuildFile; fileRef = 22CA27652B0919ED00D04867 /* XCTestCase+MemoryLeakTracking.swift */; };
		22F6C7DF2B159CC700447A5B /* RemoteFeedItem.swift in Sources */ = {isa = PBXBuildFile; fileRef = 22F6C7DE2B159CC700447A5B /* RemoteFeedItem.swift */; };
		22F6C7E32B16023B00447A5B /* LoadFeedFromCacheUseCaseTests.swift in Sources */ = {isa = PBXBuildFile; fileRef = 22F6C7E22B16023B00447A5B /* LoadFeedFromCacheUseCaseTests.swift */; };
		22F6C7E62B16114300447A5B /* FeedStoreSpy.swift in Sources */ = {isa = PBXBuildFile; fileRef = 22F6C7E52B16114300447A5B /* FeedStoreSpy.swift */; };
		22FBF42E2AFA77D600FB0AED /* EssentialFeed.docc in Sources */ = {isa = PBXBuildFile; fileRef = 22FBF42D2AFA77D600FB0AED /* EssentialFeed.docc */; };
		22FBF4342AFA77D600FB0AED /* EssentialFeed.framework in Frameworks */ = {isa = PBXBuildFile; fileRef = 22FBF4292AFA77D600FB0AED /* EssentialFeed.framework */; };
		22FBF43A2AFA77D600FB0AED /* EssentialFeed.h in Headers */ = {isa = PBXBuildFile; fileRef = 22FBF42C2AFA77D600FB0AED /* EssentialFeed.h */; settings = {ATTRIBUTES = (Public, ); }; };
		22FBF4442AFA77FF00FB0AED /* FeedImage.swift in Sources */ = {isa = PBXBuildFile; fileRef = 22FBF4432AFA77FF00FB0AED /* FeedImage.swift */; };
		22FBF4462AFA8C8D00FB0AED /* FeedLoader.swift in Sources */ = {isa = PBXBuildFile; fileRef = 22FBF4452AFA8C8D00FB0AED /* FeedLoader.swift */; };
		22FBF4492AFA905600FB0AED /* LoadFeedFromRemoteUseCaseTests.swift in Sources */ = {isa = PBXBuildFile; fileRef = 22FBF4482AFA905600FB0AED /* LoadFeedFromRemoteUseCaseTests.swift */; };
/* End PBXBuildFile section */

/* Begin PBXContainerItemProxy section */
		224B199F2B27BE960062A0D2 /* PBXContainerItemProxy */ = {
			isa = PBXContainerItemProxy;
			containerPortal = 22FBF4202AFA77D600FB0AED /* Project object */;
			proxyType = 1;
			remoteGlobalIDString = 224B19952B27BE960062A0D2;
			remoteInfo = EssentialFeediOS;
		};
		225F7EF82B2A24430084B880 /* PBXContainerItemProxy */ = {
			isa = PBXContainerItemProxy;
			containerPortal = 22FBF4202AFA77D600FB0AED /* Project object */;
			proxyType = 1;
			remoteGlobalIDString = 22FBF4282AFA77D600FB0AED;
			remoteInfo = EssentialFeed;
		};
		229EE8412B7A989C009D5D37 /* PBXContainerItemProxy */ = {
			isa = PBXContainerItemProxy;
			containerPortal = 22FBF4202AFA77D600FB0AED /* Project object */;
			proxyType = 1;
			remoteGlobalIDString = 22FBF4282AFA77D600FB0AED;
			remoteInfo = EssentialFeed;
		};
		22CA275D2B0918C200D04867 /* PBXContainerItemProxy */ = {
			isa = PBXContainerItemProxy;
			containerPortal = 22FBF4202AFA77D600FB0AED /* Project object */;
			proxyType = 1;
			remoteGlobalIDString = 22FBF4282AFA77D600FB0AED;
			remoteInfo = EssentialFeed;
		};
		22FBF4352AFA77D600FB0AED /* PBXContainerItemProxy */ = {
			isa = PBXContainerItemProxy;
			containerPortal = 22FBF4202AFA77D600FB0AED /* Project object */;
			proxyType = 1;
			remoteGlobalIDString = 22FBF4282AFA77D600FB0AED;
			remoteInfo = EssentialFeed;
		};
/* End PBXContainerItemProxy section */

/* Begin PBXCopyFilesBuildPhase section */
		225F7EFA2B2A24430084B880 /* Embed Frameworks */ = {
			isa = PBXCopyFilesBuildPhase;
			buildActionMask = 2147483647;
			dstPath = "";
			dstSubfolderSpec = 10;
			files = (
				225F7EF72B2A24430084B880 /* EssentialFeed.framework in Embed Frameworks */,
			);
			name = "Embed Frameworks";
			runOnlyForDeploymentPostprocessing = 0;
		};
/* End PBXCopyFilesBuildPhase section */

/* Begin PBXFileReference section */
		220191E72B898F46009CD7BA /* HTTPClientSpy.swift */ = {isa = PBXFileReference; lastKnownFileType = sourcecode.swift; path = HTTPClientSpy.swift; sourceTree = "<group>"; };
		220191E92B89902F009CD7BA /* RemoteFeedImageDataLoader.swift */ = {isa = PBXFileReference; lastKnownFileType = sourcecode.swift; path = RemoteFeedImageDataLoader.swift; sourceTree = "<group>"; };
		220191EC2B89BA82009CD7BA /* HTTPURLResponse+StatusCode.swift */ = {isa = PBXFileReference; lastKnownFileType = sourcecode.swift; path = "HTTPURLResponse+StatusCode.swift"; sourceTree = "<group>"; };
		220191EE2B89BAF4009CD7BA /* URLProtocolStub.swift */ = {isa = PBXFileReference; lastKnownFileType = sourcecode.swift; path = URLProtocolStub.swift; sourceTree = "<group>"; };
		2209B65D2B0B7C800022A8B9 /* CacheFeedUseCaseTests.swift */ = {isa = PBXFileReference; lastKnownFileType = sourcecode.swift; path = CacheFeedUseCaseTests.swift; sourceTree = "<group>"; };
		220FA6812B009ADC000CC7D4 /* HTTPClient.swift */ = {isa = PBXFileReference; lastKnownFileType = sourcecode.swift; path = HTTPClient.swift; sourceTree = "<group>"; };
		220FA6832B009B76000CC7D4 /* FeedItemsMapper.swift */ = {isa = PBXFileReference; lastKnownFileType = sourcecode.swift; path = FeedItemsMapper.swift; sourceTree = "<group>"; };
		220FE8852B8D127600578298 /* LoadFeedImageDataFromCacheUseCaseTests.swift */ = {isa = PBXFileReference; lastKnownFileType = sourcecode.swift; path = LoadFeedImageDataFromCacheUseCaseTests.swift; sourceTree = "<group>"; };
		220FE8872B8D198C00578298 /* FeedImageDataStoreSpy.swift */ = {isa = PBXFileReference; lastKnownFileType = sourcecode.swift; path = FeedImageDataStoreSpy.swift; sourceTree = "<group>"; };
		220FE8892B8D1D7600578298 /* CacheFeedImageDataUseCaseTests.swift */ = {isa = PBXFileReference; lastKnownFileType = sourcecode.swift; path = CacheFeedImageDataUseCaseTests.swift; sourceTree = "<group>"; };
		220FE88B2B8D204800578298 /* CoreDataFeedImageDataStoreTests.swift */ = {isa = PBXFileReference; lastKnownFileType = sourcecode.swift; path = CoreDataFeedImageDataStoreTests.swift; sourceTree = "<group>"; };
		22176B972B92CC4A00D6BD53 /* UIViewController+Snapshot.swift */ = {isa = PBXFileReference; lastKnownFileType = sourcecode.swift; path = "UIViewController+Snapshot.swift"; sourceTree = "<group>"; };
		22176B992B92CC9800D6BD53 /* XCTestCase+Snapshot.swift */ = {isa = PBXFileReference; lastKnownFileType = sourcecode.swift; path = "XCTestCase+Snapshot.swift"; sourceTree = "<group>"; };
		221FBB472B35F02A0089428E /* FeedImageCellController.swift */ = {isa = PBXFileReference; lastKnownFileType = sourcecode.swift; path = FeedImageCellController.swift; sourceTree = "<group>"; };
		22351F8D2B30C2F1001E2295 /* FeedImageCell.swift */ = {isa = PBXFileReference; lastKnownFileType = sourcecode.swift; path = FeedImageCell.swift; sourceTree = "<group>"; };
		224B19962B27BE960062A0D2 /* EssentialFeediOS.framework */ = {isa = PBXFileReference; explicitFileType = wrapper.framework; includeInIndex = 0; path = EssentialFeediOS.framework; sourceTree = BUILT_PRODUCTS_DIR; };
		224B199D2B27BE960062A0D2 /* EssentialFeediOSTests.xctest */ = {isa = PBXFileReference; explicitFileType = wrapper.cfbundle; includeInIndex = 0; path = EssentialFeediOSTests.xctest; sourceTree = BUILT_PRODUCTS_DIR; };
		224B9B962B03C04700CD4400 /* URLSessionHTTPClientTests.swift */ = {isa = PBXFileReference; lastKnownFileType = sourcecode.swift; path = URLSessionHTTPClientTests.swift; sourceTree = "<group>"; };
		225F7EE82B2A1D800084B880 /* FeedViewController.swift */ = {isa = PBXFileReference; lastKnownFileType = sourcecode.swift; path = FeedViewController.swift; sourceTree = "<group>"; };
		225F7EF22B2A217E0084B880 /* CoreDataFeedStoreTests.swift */ = {isa = PBXFileReference; lastKnownFileType = sourcecode.swift; path = CoreDataFeedStoreTests.swift; sourceTree = "<group>"; };
		2263B8E72B2574E7001477EF /* FeedStoreSpecs.swift */ = {isa = PBXFileReference; lastKnownFileType = sourcecode.swift; path = FeedStoreSpecs.swift; sourceTree = "<group>"; };
		2263B8E92B257515001477EF /* XCTestCase+FailableDeleteFeedStoreSpecs.swift */ = {isa = PBXFileReference; lastKnownFileType = sourcecode.swift; path = "XCTestCase+FailableDeleteFeedStoreSpecs.swift"; sourceTree = "<group>"; };
		2263B8EB2B257543001477EF /* XCTestCase+FailableInsertFeedStoreSpecs.swift */ = {isa = PBXFileReference; lastKnownFileType = sourcecode.swift; path = "XCTestCase+FailableInsertFeedStoreSpecs.swift"; sourceTree = "<group>"; };
		2263B8ED2B257563001477EF /* XCTestCase+FailableRetrieveFeedStoreSpecs.swift */ = {isa = PBXFileReference; lastKnownFileType = sourcecode.swift; path = "XCTestCase+FailableRetrieveFeedStoreSpecs.swift"; sourceTree = "<group>"; };
		2263B8EF2B257587001477EF /* XCTestCase+FeedStoreSpecs.swift */ = {isa = PBXFileReference; lastKnownFileType = sourcecode.swift; path = "XCTestCase+FeedStoreSpecs.swift"; sourceTree = "<group>"; };
		226AE36F2B852E6C0091F095 /* FeedImagePresenter.swift */ = {isa = PBXFileReference; lastKnownFileType = sourcecode.swift; path = FeedImagePresenter.swift; sourceTree = "<group>"; };
		226AE3732B852EA40091F095 /* FeedLoadingViewModel.swift */ = {isa = PBXFileReference; lastKnownFileType = sourcecode.swift; path = FeedLoadingViewModel.swift; sourceTree = "<group>"; };
		226AE3772B852ED90091F095 /* FeedViewModel.swift */ = {isa = PBXFileReference; lastKnownFileType = sourcecode.swift; path = FeedViewModel.swift; sourceTree = "<group>"; };
		2286BD062B33494000837E10 /* UIView+Shimmering.swift */ = {isa = PBXFileReference; lastKnownFileType = sourcecode.swift; path = "UIView+Shimmering.swift"; sourceTree = "<group>"; };
		229EE8112B7A9592009D5D37 /* FeedCachePolicy.swift */ = {isa = PBXFileReference; fileEncoding = 4; lastKnownFileType = sourcecode.swift; path = FeedCachePolicy.swift; sourceTree = "<group>"; };
		229EE8132B7A959B009D5D37 /* FeedImageDataStore.swift */ = {isa = PBXFileReference; fileEncoding = 4; lastKnownFileType = sourcecode.swift; path = FeedImageDataStore.swift; sourceTree = "<group>"; };
		229EE8152B7A95A4009D5D37 /* FeedStore.swift */ = {isa = PBXFileReference; fileEncoding = 4; lastKnownFileType = sourcecode.swift; path = FeedStore.swift; sourceTree = "<group>"; };
		229EE8172B7A95B9009D5D37 /* LocalFeedImage.swift */ = {isa = PBXFileReference; fileEncoding = 4; lastKnownFileType = sourcecode.swift; path = LocalFeedImage.swift; sourceTree = "<group>"; };
		229EE8182B7A95B9009D5D37 /* LocalFeedImageDataLoader.swift */ = {isa = PBXFileReference; fileEncoding = 4; lastKnownFileType = sourcecode.swift; path = LocalFeedImageDataLoader.swift; sourceTree = "<group>"; };
		229EE8192B7A95B9009D5D37 /* LocalFeedLoader.swift */ = {isa = PBXFileReference; fileEncoding = 4; lastKnownFileType = sourcecode.swift; path = LocalFeedLoader.swift; sourceTree = "<group>"; };
		229EE8212B7A95D0009D5D37 /* CoreDataFeedStore+FeedImageDataStore.swift */ = {isa = PBXFileReference; fileEncoding = 4; lastKnownFileType = sourcecode.swift; path = "CoreDataFeedStore+FeedImageDataStore.swift"; sourceTree = "<group>"; };
		229EE8222B7A95D0009D5D37 /* ManagedFeedImage.swift */ = {isa = PBXFileReference; fileEncoding = 4; lastKnownFileType = sourcecode.swift; path = ManagedFeedImage.swift; sourceTree = "<group>"; };
		229EE8232B7A95D0009D5D37 /* ManagedCache.swift */ = {isa = PBXFileReference; fileEncoding = 4; lastKnownFileType = sourcecode.swift; path = ManagedCache.swift; sourceTree = "<group>"; };
		229EE8242B7A95D0009D5D37 /* CoreDataHelpers.swift */ = {isa = PBXFileReference; fileEncoding = 4; lastKnownFileType = sourcecode.swift; path = CoreDataHelpers.swift; sourceTree = "<group>"; };
		229EE8252B7A95D0009D5D37 /* CoreDataFeedStore.swift */ = {isa = PBXFileReference; fileEncoding = 4; lastKnownFileType = sourcecode.swift; path = CoreDataFeedStore.swift; sourceTree = "<group>"; };
		229EE8262B7A95D0009D5D37 /* CoreDataFeedStore+FeedStore.swift */ = {isa = PBXFileReference; fileEncoding = 4; lastKnownFileType = sourcecode.swift; path = "CoreDataFeedStore+FeedStore.swift"; sourceTree = "<group>"; };
		229EE82E2B7A960D009D5D37 /* FeedImageDataCache.swift */ = {isa = PBXFileReference; lastKnownFileType = sourcecode.swift; path = FeedImageDataCache.swift; sourceTree = "<group>"; };
		229EE8302B7A9627009D5D37 /* FeedImagedataLoader.swift */ = {isa = PBXFileReference; lastKnownFileType = sourcecode.swift; path = FeedImagedataLoader.swift; sourceTree = "<group>"; };
		229EE8322B7A9678009D5D37 /* FeedCache.swift */ = {isa = PBXFileReference; lastKnownFileType = sourcecode.swift; path = FeedCache.swift; sourceTree = "<group>"; };
		229EE8352B7A9819009D5D37 /* FeedStore2.xcdatamodel */ = {isa = PBXFileReference; lastKnownFileType = wrapper.xcdatamodel; path = FeedStore2.xcdatamodel; sourceTree = "<group>"; };
		229EE8362B7A9819009D5D37 /* FeedStore.xcdatamodel */ = {isa = PBXFileReference; lastKnownFileType = wrapper.xcdatamodel; path = FeedStore.xcdatamodel; sourceTree = "<group>"; };
		229EE83C2B7A989C009D5D37 /* EssentialFeedCacheIntegrationTests.xctest */ = {isa = PBXFileReference; explicitFileType = wrapper.cfbundle; includeInIndex = 0; path = EssentialFeedCacheIntegrationTests.xctest; sourceTree = BUILT_PRODUCTS_DIR; };
		229EE83E2B7A989C009D5D37 /* EssentialFeedCacheIntegrationTests.swift */ = {isa = PBXFileReference; lastKnownFileType = sourcecode.swift; path = EssentialFeedCacheIntegrationTests.swift; sourceTree = "<group>"; };
		22A0C4B32B85C67400173058 /* Feed.storyboard */ = {isa = PBXFileReference; lastKnownFileType = file.storyboard; path = Feed.storyboard; sourceTree = "<group>"; };
		22A0C4B52B85E3DC00173058 /* Feed.xcassets */ = {isa = PBXFileReference; lastKnownFileType = folder.assetcatalog; path = Feed.xcassets; sourceTree = "<group>"; };
		22A0C4B72B85E83700173058 /* UIImageView+Animations.swift */ = {isa = PBXFileReference; lastKnownFileType = sourcecode.swift; path = "UIImageView+Animations.swift"; sourceTree = "<group>"; };
		22A0C4B92B85E85400173058 /* UITableView+DequeCell.swift */ = {isa = PBXFileReference; lastKnownFileType = sourcecode.swift; path = "UITableView+DequeCell.swift"; sourceTree = "<group>"; };
		22A0C4BE2B865A9800173058 /* FeedLocalizationTests.swift */ = {isa = PBXFileReference; lastKnownFileType = sourcecode.swift; path = FeedLocalizationTests.swift; sourceTree = "<group>"; };
		22A0C4C12B865C5F00173058 /* en */ = {isa = PBXFileReference; lastKnownFileType = text.plist.strings; name = en; path = en.lproj/Feed.strings; sourceTree = "<group>"; };
		22A0C4C32B86605F00173058 /* el */ = {isa = PBXFileReference; lastKnownFileType = text.plist.strings; name = el; path = el.lproj/Feed.strings; sourceTree = "<group>"; };
		22A0C4C42B86607200173058 /* pt-BR */ = {isa = PBXFileReference; lastKnownFileType = text.plist.strings; name = "pt-BR"; path = "pt-BR.lproj/Feed.strings"; sourceTree = "<group>"; };
		22A0C4D12B866E4E00173058 /* FeedErrorViewModel.swift */ = {isa = PBXFileReference; lastKnownFileType = sourcecode.swift; path = FeedErrorViewModel.swift; sourceTree = "<group>"; };
		22A0C4D32B8677F200173058 /* ErrorView.swift */ = {isa = PBXFileReference; lastKnownFileType = sourcecode.swift; path = ErrorView.swift; sourceTree = "<group>"; };
		22A0C4D52B86836C00173058 /* UIRefreshControl+Helpers.swift */ = {isa = PBXFileReference; lastKnownFileType = sourcecode.swift; path = "UIRefreshControl+Helpers.swift"; sourceTree = "<group>"; };
		22BD4ED32B18DA5E00B437A4 /* ValidateFeedCacheUseCaseTests.swift */ = {isa = PBXFileReference; lastKnownFileType = sourcecode.swift; path = ValidateFeedCacheUseCaseTests.swift; sourceTree = "<group>"; };
		22BD4ED52B18E32F00B437A4 /* SharedTestHelpers.swift */ = {isa = PBXFileReference; lastKnownFileType = sourcecode.swift; path = SharedTestHelpers.swift; sourceTree = "<group>"; };
		22BD4ED72B18E4C100B437A4 /* FeedCacheTestHelpers.swift */ = {isa = PBXFileReference; lastKnownFileType = sourcecode.swift; path = FeedCacheTestHelpers.swift; sourceTree = "<group>"; };
		22BDF6C62B8905020032D7FE /* LoadFeedImageDataFromRemoteUseCaseTests.swift */ = {isa = PBXFileReference; lastKnownFileType = sourcecode.swift; path = LoadFeedImageDataFromRemoteUseCaseTests.swift; sourceTree = "<group>"; };
		22CA27582B0918C200D04867 /* EssentialFeedAPIEndToEndTests.xctest */ = {isa = PBXFileReference; explicitFileType = wrapper.cfbundle; includeInIndex = 0; path = EssentialFeedAPIEndToEndTests.xctest; sourceTree = BUILT_PRODUCTS_DIR; };
		22CA275A2B0918C200D04867 /* EssentialFeedAPIEndToEndTests.swift */ = {isa = PBXFileReference; lastKnownFileType = sourcecode.swift; path = EssentialFeedAPIEndToEndTests.swift; sourceTree = "<group>"; };
		22CA27622B0919C700D04867 /* URLSessionHTTPClient.swift */ = {isa = PBXFileReference; lastKnownFileType = sourcecode.swift; path = URLSessionHTTPClient.swift; sourceTree = "<group>"; };
		22CA27652B0919ED00D04867 /* XCTestCase+MemoryLeakTracking.swift */ = {isa = PBXFileReference; lastKnownFileType = sourcecode.swift; path = "XCTestCase+MemoryLeakTracking.swift"; sourceTree = "<group>"; };
		22D2BC9D2AFB348200265B82 /* RemoteFeedLoader.swift */ = {isa = PBXFileReference; lastKnownFileType = sourcecode.swift; path = RemoteFeedLoader.swift; sourceTree = "<group>"; };
		22E5040E2B87ADB700BDE2D0 /* FeedImagePresenterTests.swift */ = {isa = PBXFileReference; lastKnownFileType = sourcecode.swift; path = FeedImagePresenterTests.swift; sourceTree = "<group>"; };
		22E504182B87B23000BDE2D0 /* FeedPresenter.swift */ = {isa = PBXFileReference; lastKnownFileType = sourcecode.swift; path = FeedPresenter.swift; sourceTree = "<group>"; };
		22E5041A2B87B2D900BDE2D0 /* FeedErrorViewModel.swift */ = {isa = PBXFileReference; lastKnownFileType = sourcecode.swift; path = FeedErrorViewModel.swift; sourceTree = "<group>"; };
		22E5041C2B87B30600BDE2D0 /* FeedLoadingViewModel.swift */ = {isa = PBXFileReference; lastKnownFileType = sourcecode.swift; path = FeedLoadingViewModel.swift; sourceTree = "<group>"; };
		22E5041E2B87B33300BDE2D0 /* FeedImagePresenter.swift */ = {isa = PBXFileReference; lastKnownFileType = sourcecode.swift; path = FeedImagePresenter.swift; sourceTree = "<group>"; };
		22E504202B87B34800BDE2D0 /* FeedImageViewModel.swift */ = {isa = PBXFileReference; lastKnownFileType = sourcecode.swift; path = FeedImageViewModel.swift; sourceTree = "<group>"; };
		22E504222B87B37300BDE2D0 /* FeedViewModel.swift */ = {isa = PBXFileReference; lastKnownFileType = sourcecode.swift; path = FeedViewModel.swift; sourceTree = "<group>"; };
		22E504242B87B3AA00BDE2D0 /* FeedLocalizationTests.swift */ = {isa = PBXFileReference; lastKnownFileType = sourcecode.swift; path = FeedLocalizationTests.swift; sourceTree = "<group>"; };
		22E504262B87B3C300BDE2D0 /* FeedPresenterTests.swift */ = {isa = PBXFileReference; lastKnownFileType = sourcecode.swift; path = FeedPresenterTests.swift; sourceTree = "<group>"; };
		22E5042B2B87B80100BDE2D0 /* en */ = {isa = PBXFileReference; lastKnownFileType = text.plist.strings; name = en; path = en.lproj/Feed.strings; sourceTree = "<group>"; };
		22E5042D2B87B85100BDE2D0 /* el */ = {isa = PBXFileReference; lastKnownFileType = text.plist.strings; name = el; path = el.lproj/Feed.strings; sourceTree = "<group>"; };
		22E5042E2B87B8A000BDE2D0 /* pt-BR */ = {isa = PBXFileReference; lastKnownFileType = text.plist.strings; name = "pt-BR"; path = "pt-BR.lproj/Feed.strings"; sourceTree = "<group>"; };
		22EA2F4F2B923B1A0055D249 /* UIImage+TestHelpers.swift */ = {isa = PBXFileReference; lastKnownFileType = sourcecode.swift; path = "UIImage+TestHelpers.swift"; sourceTree = "<group>"; };
		22EA2F512B923B450055D249 /* FeedSnapshotTests.swift */ = {isa = PBXFileReference; lastKnownFileType = sourcecode.swift; path = FeedSnapshotTests.swift; sourceTree = "<group>"; };
		22EA2F532B923BFD0055D249 /* UITableView+HeaderSizing.swift */ = {isa = PBXFileReference; lastKnownFileType = sourcecode.swift; path = "UITableView+HeaderSizing.swift"; sourceTree = "<group>"; };
		22F6C7DE2B159CC700447A5B /* RemoteFeedItem.swift */ = {isa = PBXFileReference; lastKnownFileType = sourcecode.swift; path = RemoteFeedItem.swift; sourceTree = "<group>"; };
		22F6C7E22B16023B00447A5B /* LoadFeedFromCacheUseCaseTests.swift */ = {isa = PBXFileReference; lastKnownFileType = sourcecode.swift; path = LoadFeedFromCacheUseCaseTests.swift; sourceTree = "<group>"; };
		22F6C7E52B16114300447A5B /* FeedStoreSpy.swift */ = {isa = PBXFileReference; lastKnownFileType = sourcecode.swift; path = FeedStoreSpy.swift; sourceTree = "<group>"; };
		22FBF4292AFA77D600FB0AED /* EssentialFeed.framework */ = {isa = PBXFileReference; explicitFileType = wrapper.framework; includeInIndex = 0; path = EssentialFeed.framework; sourceTree = BUILT_PRODUCTS_DIR; };
		22FBF42C2AFA77D600FB0AED /* EssentialFeed.h */ = {isa = PBXFileReference; lastKnownFileType = sourcecode.c.h; path = EssentialFeed.h; sourceTree = "<group>"; };
		22FBF42D2AFA77D600FB0AED /* EssentialFeed.docc */ = {isa = PBXFileReference; lastKnownFileType = folder.documentationcatalog; path = EssentialFeed.docc; sourceTree = "<group>"; };
		22FBF4332AFA77D600FB0AED /* EssentialFeedTests.xctest */ = {isa = PBXFileReference; explicitFileType = wrapper.cfbundle; includeInIndex = 0; path = EssentialFeedTests.xctest; sourceTree = BUILT_PRODUCTS_DIR; };
		22FBF4432AFA77FF00FB0AED /* FeedImage.swift */ = {isa = PBXFileReference; lastKnownFileType = sourcecode.swift; path = FeedImage.swift; sourceTree = "<group>"; };
		22FBF4452AFA8C8D00FB0AED /* FeedLoader.swift */ = {isa = PBXFileReference; lastKnownFileType = sourcecode.swift; path = FeedLoader.swift; sourceTree = "<group>"; };
		22FBF4482AFA905600FB0AED /* LoadFeedFromRemoteUseCaseTests.swift */ = {isa = PBXFileReference; lastKnownFileType = sourcecode.swift; path = LoadFeedFromRemoteUseCaseTests.swift; sourceTree = "<group>"; };
/* End PBXFileReference section */

/* Begin PBXFrameworksBuildPhase section */
		224B19932B27BE960062A0D2 /* Frameworks */ = {
			isa = PBXFrameworksBuildPhase;
			buildActionMask = 2147483647;
			files = (
				225F7EF62B2A24430084B880 /* EssentialFeed.framework in Frameworks */,
			);
			runOnlyForDeploymentPostprocessing = 0;
		};
		224B199A2B27BE960062A0D2 /* Frameworks */ = {
			isa = PBXFrameworksBuildPhase;
			buildActionMask = 2147483647;
			files = (
				224B199E2B27BE960062A0D2 /* EssentialFeediOS.framework in Frameworks */,
			);
			runOnlyForDeploymentPostprocessing = 0;
		};
		229EE8392B7A989C009D5D37 /* Frameworks */ = {
			isa = PBXFrameworksBuildPhase;
			buildActionMask = 2147483647;
			files = (
				229EE8402B7A989C009D5D37 /* EssentialFeed.framework in Frameworks */,
			);
			runOnlyForDeploymentPostprocessing = 0;
		};
		22CA27552B0918C200D04867 /* Frameworks */ = {
			isa = PBXFrameworksBuildPhase;
			buildActionMask = 2147483647;
			files = (
				22CA275C2B0918C200D04867 /* EssentialFeed.framework in Frameworks */,
			);
			runOnlyForDeploymentPostprocessing = 0;
		};
		22FBF4262AFA77D600FB0AED /* Frameworks */ = {
			isa = PBXFrameworksBuildPhase;
			buildActionMask = 2147483647;
			files = (
			);
			runOnlyForDeploymentPostprocessing = 0;
		};
		22FBF4302AFA77D600FB0AED /* Frameworks */ = {
			isa = PBXFrameworksBuildPhase;
			buildActionMask = 2147483647;
			files = (
				22FBF4342AFA77D600FB0AED /* EssentialFeed.framework in Frameworks */,
			);
			runOnlyForDeploymentPostprocessing = 0;
		};
/* End PBXFrameworksBuildPhase section */

/* Begin PBXGroup section */
		220191EB2B89BA62009CD7BA /* Helpers */ = {
			isa = PBXGroup;
			children = (
				220191EC2B89BA82009CD7BA /* HTTPURLResponse+StatusCode.swift */,
			);
			path = Helpers;
			sourceTree = "<group>";
		};
		2209B65C2B0B7C4B0022A8B9 /* Feed Cache */ = {
			isa = PBXGroup;
			children = (
				2263B8E62B2574D9001477EF /* FeedStoreSpecs */,
				22F6C7E42B160D8F00447A5B /* Helpers */,
				2209B65D2B0B7C800022A8B9 /* CacheFeedUseCaseTests.swift */,
				22F6C7E22B16023B00447A5B /* LoadFeedFromCacheUseCaseTests.swift */,
				22BD4ED32B18DA5E00B437A4 /* ValidateFeedCacheUseCaseTests.swift */,
				225F7EF22B2A217E0084B880 /* CoreDataFeedStoreTests.swift */,
				220FE8852B8D127600578298 /* LoadFeedImageDataFromCacheUseCaseTests.swift */,
				220FE8892B8D1D7600578298 /* CacheFeedImageDataUseCaseTests.swift */,
				220FE88B2B8D204800578298 /* CoreDataFeedImageDataStoreTests.swift */,
			);
			path = "Feed Cache";
			sourceTree = "<group>";
		};
		221FBB432B35EFDE0089428E /* Feed UI */ = {
			isa = PBXGroup;
			children = (
				229F6D552B386E46008A49C4 /* Models */,
				22F72B1B2B33E9F600B669E1 /* Controllers */,
				22F72B1C2B33EA0700B669E1 /* Views */,
			);
			path = "Feed UI";
			sourceTree = "<group>";
		};
		221FBB542B35F4CB0089428E /* Feed UI Controller */ = {
			isa = PBXGroup;
			children = (
			);
			path = "Feed UI Controller";
			sourceTree = "<group>";
		};
		224B19972B27BE960062A0D2 /* EssentialFeediOS */ = {
			isa = PBXGroup;
			children = (
				226AE36E2B852E540091F095 /* Feed Presentation */,
				221FBB432B35EFDE0089428E /* Feed UI */,
			);
			path = EssentialFeediOS;
			sourceTree = "<group>";
		};
		224B19A12B27BE960062A0D2 /* EssentialFeediOSTests */ = {
			isa = PBXGroup;
			children = (
				22EA2F4E2B923B010055D249 /* Helpers */,
				22A0C4BD2B865A7800173058 /* Feed Presentation */,
				221FBB542B35F4CB0089428E /* Feed UI Controller */,
				22EA2F512B923B450055D249 /* FeedSnapshotTests.swift */,
			);
			path = EssentialFeediOSTests;
			sourceTree = "<group>";
		};
		225F7EF52B2A24430084B880 /* Frameworks */ = {
			isa = PBXGroup;
			children = (
			);
			name = Frameworks;
			sourceTree = "<group>";
		};
		2263B8E62B2574D9001477EF /* FeedStoreSpecs */ = {
			isa = PBXGroup;
			children = (
				2263B8E72B2574E7001477EF /* FeedStoreSpecs.swift */,
				2263B8E92B257515001477EF /* XCTestCase+FailableDeleteFeedStoreSpecs.swift */,
				2263B8EB2B257543001477EF /* XCTestCase+FailableInsertFeedStoreSpecs.swift */,
				2263B8ED2B257563001477EF /* XCTestCase+FailableRetrieveFeedStoreSpecs.swift */,
				2263B8EF2B257587001477EF /* XCTestCase+FeedStoreSpecs.swift */,
			);
			path = FeedStoreSpecs;
			sourceTree = "<group>";
		};
		226AE36E2B852E540091F095 /* Feed Presentation */ = {
			isa = PBXGroup;
			children = (
				226AE36F2B852E6C0091F095 /* FeedImagePresenter.swift */,
				226AE3732B852EA40091F095 /* FeedLoadingViewModel.swift */,
				226AE3772B852ED90091F095 /* FeedViewModel.swift */,
				22A0C4C22B865C5F00173058 /* Feed.strings */,
				22A0C4D12B866E4E00173058 /* FeedErrorViewModel.swift */,
			);
			path = "Feed Presentation";
			sourceTree = "<group>";
		};
		229EE8102B7A9571009D5D37 /* Feed Cache */ = {
			isa = PBXGroup;
			children = (
				229EE81D2B7A95BE009D5D37 /* Core Data */,
				229EE8112B7A9592009D5D37 /* FeedCachePolicy.swift */,
				229EE8132B7A959B009D5D37 /* FeedImageDataStore.swift */,
				229EE8152B7A95A4009D5D37 /* FeedStore.swift */,
				229EE8172B7A95B9009D5D37 /* LocalFeedImage.swift */,
				229EE8182B7A95B9009D5D37 /* LocalFeedImageDataLoader.swift */,
				229EE8192B7A95B9009D5D37 /* LocalFeedLoader.swift */,
				229EE8342B7A9819009D5D37 /* FeedStore.xcdatamodeld */,
			);
			path = "Feed Cache";
			sourceTree = "<group>";
		};
		229EE81D2B7A95BE009D5D37 /* Core Data */ = {
			isa = PBXGroup;
			children = (
				229EE8252B7A95D0009D5D37 /* CoreDataFeedStore.swift */,
				229EE8212B7A95D0009D5D37 /* CoreDataFeedStore+FeedImageDataStore.swift */,
				229EE8262B7A95D0009D5D37 /* CoreDataFeedStore+FeedStore.swift */,
				229EE8242B7A95D0009D5D37 /* CoreDataHelpers.swift */,
				229EE8232B7A95D0009D5D37 /* ManagedCache.swift */,
				229EE8222B7A95D0009D5D37 /* ManagedFeedImage.swift */,
			);
			path = "Core Data";
			sourceTree = "<group>";
		};
		229EE83D2B7A989C009D5D37 /* EssentialFeedCacheIntegrationTests */ = {
			isa = PBXGroup;
			children = (
				229EE83E2B7A989C009D5D37 /* EssentialFeedCacheIntegrationTests.swift */,
			);
			path = EssentialFeedCacheIntegrationTests;
			sourceTree = "<group>";
		};
		229F6D552B386E46008A49C4 /* Models */ = {
			isa = PBXGroup;
			children = (
			);
			path = Models;
			sourceTree = "<group>";
		};
		22A0C4BD2B865A7800173058 /* Feed Presentation */ = {
			isa = PBXGroup;
			children = (
				22A0C4BE2B865A9800173058 /* FeedLocalizationTests.swift */,
			);
			path = "Feed Presentation";
			sourceTree = "<group>";
		};
		22A0C4D72B86841800173058 /* Helpers */ = {
			isa = PBXGroup;
			children = (
				2286BD062B33494000837E10 /* UIView+Shimmering.swift */,
				22A0C4B72B85E83700173058 /* UIImageView+Animations.swift */,
				22A0C4B92B85E85400173058 /* UITableView+DequeCell.swift */,
				22A0C4D52B86836C00173058 /* UIRefreshControl+Helpers.swift */,
				22EA2F532B923BFD0055D249 /* UITableView+HeaderSizing.swift */,
			);
			path = Helpers;
			sourceTree = "<group>";
		};
		22CA27592B0918C200D04867 /* EssentialFeedAPIEndToEndTests */ = {
			isa = PBXGroup;
			children = (
				22CA275A2B0918C200D04867 /* EssentialFeedAPIEndToEndTests.swift */,
			);
			path = EssentialFeedAPIEndToEndTests;
			sourceTree = "<group>";
		};
		22CA27642B0919E000D04867 /* Helpers */ = {
			isa = PBXGroup;
			children = (
				22CA27652B0919ED00D04867 /* XCTestCase+MemoryLeakTracking.swift */,
				22BD4ED52B18E32F00B437A4 /* SharedTestHelpers.swift */,
				220191E72B898F46009CD7BA /* HTTPClientSpy.swift */,
				220191EE2B89BAF4009CD7BA /* URLProtocolStub.swift */,
			);
			path = Helpers;
			sourceTree = "<group>";
		};
		22D2BC9C2AFB346900265B82 /* Feed API */ = {
			isa = PBXGroup;
			children = (
				220191EB2B89BA62009CD7BA /* Helpers */,
				22D2BC9D2AFB348200265B82 /* RemoteFeedLoader.swift */,
				220FA6812B009ADC000CC7D4 /* HTTPClient.swift */,
				220FA6832B009B76000CC7D4 /* FeedItemsMapper.swift */,
				22CA27622B0919C700D04867 /* URLSessionHTTPClient.swift */,
				22F6C7DE2B159CC700447A5B /* RemoteFeedItem.swift */,
				220191E92B89902F009CD7BA /* RemoteFeedImageDataLoader.swift */,
			);
			path = "Feed API";
			sourceTree = "<group>";
		};
		22DD4F492B0142C300F39043 /* Feed API */ = {
			isa = PBXGroup;
			children = (
				22FBF4482AFA905600FB0AED /* LoadFeedFromRemoteUseCaseTests.swift */,
				224B9B962B03C04700CD4400 /* URLSessionHTTPClientTests.swift */,
				22BDF6C62B8905020032D7FE /* LoadFeedImageDataFromRemoteUseCaseTests.swift */,
			);
			path = "Feed API";
			sourceTree = "<group>";
		};
		22E5040D2B87AD8B00BDE2D0 /* Feed Presentation */ = {
			isa = PBXGroup;
			children = (
				22E5040E2B87ADB700BDE2D0 /* FeedImagePresenterTests.swift */,
				22E504242B87B3AA00BDE2D0 /* FeedLocalizationTests.swift */,
				22E504262B87B3C300BDE2D0 /* FeedPresenterTests.swift */,
			);
			path = "Feed Presentation";
			sourceTree = "<group>";
		};
		22E504172B87B1ED00BDE2D0 /* Feed Presentation */ = {
			isa = PBXGroup;
			children = (
				22E504182B87B23000BDE2D0 /* FeedPresenter.swift */,
				22E5041A2B87B2D900BDE2D0 /* FeedErrorViewModel.swift */,
				22E5041C2B87B30600BDE2D0 /* FeedLoadingViewModel.swift */,
				22E5041E2B87B33300BDE2D0 /* FeedImagePresenter.swift */,
				22E504202B87B34800BDE2D0 /* FeedImageViewModel.swift */,
				22E504222B87B37300BDE2D0 /* FeedViewModel.swift */,
				22E5042C2B87B80100BDE2D0 /* Feed.strings */,
			);
			path = "Feed Presentation";
			sourceTree = "<group>";
		};
		22EA2F4E2B923B010055D249 /* Helpers */ = {
			isa = PBXGroup;
			children = (
				22EA2F4F2B923B1A0055D249 /* UIImage+TestHelpers.swift */,
				22176B972B92CC4A00D6BD53 /* UIViewController+Snapshot.swift */,
				22176B992B92CC9800D6BD53 /* XCTestCase+Snapshot.swift */,
			);
			path = Helpers;
			sourceTree = "<group>";
		};
		22F6C7E42B160D8F00447A5B /* Helpers */ = {
			isa = PBXGroup;
			children = (
				22F6C7E52B16114300447A5B /* FeedStoreSpy.swift */,
				22BD4ED72B18E4C100B437A4 /* FeedCacheTestHelpers.swift */,
				220FE8872B8D198C00578298 /* FeedImageDataStoreSpy.swift */,
			);
			path = Helpers;
			sourceTree = "<group>";
		};
		22F72B1B2B33E9F600B669E1 /* Controllers */ = {
			isa = PBXGroup;
			children = (
				225F7EE82B2A1D800084B880 /* FeedViewController.swift */,
				221FBB472B35F02A0089428E /* FeedImageCellController.swift */,
			);
			path = Controllers;
			sourceTree = "<group>";
		};
		22F72B1C2B33EA0700B669E1 /* Views */ = {
			isa = PBXGroup;
			children = (
				22A0C4D72B86841800173058 /* Helpers */,
				22351F8D2B30C2F1001E2295 /* FeedImageCell.swift */,
				22A0C4B32B85C67400173058 /* Feed.storyboard */,
				22A0C4B52B85E3DC00173058 /* Feed.xcassets */,
				22A0C4D32B8677F200173058 /* ErrorView.swift */,
			);
			path = Views;
			sourceTree = "<group>";
		};
		22FBF41F2AFA77D600FB0AED = {
			isa = PBXGroup;
			children = (
				22FBF42B2AFA77D600FB0AED /* EssentialFeed */,
				22FBF4372AFA77D600FB0AED /* EssentialFeedTests */,
				22CA27592B0918C200D04867 /* EssentialFeedAPIEndToEndTests */,
				224B19972B27BE960062A0D2 /* EssentialFeediOS */,
				224B19A12B27BE960062A0D2 /* EssentialFeediOSTests */,
				229EE83D2B7A989C009D5D37 /* EssentialFeedCacheIntegrationTests */,
				22FBF42A2AFA77D600FB0AED /* Products */,
				225F7EF52B2A24430084B880 /* Frameworks */,
			);
			sourceTree = "<group>";
		};
		22FBF42A2AFA77D600FB0AED /* Products */ = {
			isa = PBXGroup;
			children = (
				22FBF4292AFA77D600FB0AED /* EssentialFeed.framework */,
				22FBF4332AFA77D600FB0AED /* EssentialFeedTests.xctest */,
				22CA27582B0918C200D04867 /* EssentialFeedAPIEndToEndTests.xctest */,
				224B19962B27BE960062A0D2 /* EssentialFeediOS.framework */,
				224B199D2B27BE960062A0D2 /* EssentialFeediOSTests.xctest */,
				229EE83C2B7A989C009D5D37 /* EssentialFeedCacheIntegrationTests.xctest */,
			);
			name = Products;
			sourceTree = "<group>";
		};
		22FBF42B2AFA77D600FB0AED /* EssentialFeed */ = {
			isa = PBXGroup;
			children = (
				22E504172B87B1ED00BDE2D0 /* Feed Presentation */,
				229EE8102B7A9571009D5D37 /* Feed Cache */,
				22FBF4472AFA8D6B00FB0AED /* FeedFeature */,
				22D2BC9C2AFB346900265B82 /* Feed API */,
				22FBF42C2AFA77D600FB0AED /* EssentialFeed.h */,
				22FBF42D2AFA77D600FB0AED /* EssentialFeed.docc */,
			);
			path = EssentialFeed;
			sourceTree = "<group>";
		};
		22FBF4372AFA77D600FB0AED /* EssentialFeedTests */ = {
			isa = PBXGroup;
			children = (
				22E5040D2B87AD8B00BDE2D0 /* Feed Presentation */,
				22CA27642B0919E000D04867 /* Helpers */,
				2209B65C2B0B7C4B0022A8B9 /* Feed Cache */,
				22DD4F492B0142C300F39043 /* Feed API */,
			);
			path = EssentialFeedTests;
			sourceTree = "<group>";
		};
		22FBF4472AFA8D6B00FB0AED /* FeedFeature */ = {
			isa = PBXGroup;
			children = (
				22FBF4432AFA77FF00FB0AED /* FeedImage.swift */,
				22FBF4452AFA8C8D00FB0AED /* FeedLoader.swift */,
				229EE82E2B7A960D009D5D37 /* FeedImageDataCache.swift */,
				229EE8302B7A9627009D5D37 /* FeedImagedataLoader.swift */,
				229EE8322B7A9678009D5D37 /* FeedCache.swift */,
			);
			path = FeedFeature;
			sourceTree = "<group>";
		};
/* End PBXGroup section */

/* Begin PBXHeadersBuildPhase section */
		224B19912B27BE960062A0D2 /* Headers */ = {
			isa = PBXHeadersBuildPhase;
			buildActionMask = 2147483647;
			files = (
			);
			runOnlyForDeploymentPostprocessing = 0;
		};
		22FBF4242AFA77D600FB0AED /* Headers */ = {
			isa = PBXHeadersBuildPhase;
			buildActionMask = 2147483647;
			files = (
				22FBF43A2AFA77D600FB0AED /* EssentialFeed.h in Headers */,
			);
			runOnlyForDeploymentPostprocessing = 0;
		};
/* End PBXHeadersBuildPhase section */

/* Begin PBXNativeTarget section */
		224B19952B27BE960062A0D2 /* EssentialFeediOS */ = {
			isa = PBXNativeTarget;
			buildConfigurationList = 224B19A92B27BE960062A0D2 /* Build configuration list for PBXNativeTarget "EssentialFeediOS" */;
			buildPhases = (
				224B19912B27BE960062A0D2 /* Headers */,
				224B19922B27BE960062A0D2 /* Sources */,
				224B19932B27BE960062A0D2 /* Frameworks */,
				224B19942B27BE960062A0D2 /* Resources */,
				225F7EFA2B2A24430084B880 /* Embed Frameworks */,
			);
			buildRules = (
			);
			dependencies = (
				225F7EF92B2A24430084B880 /* PBXTargetDependency */,
			);
			name = EssentialFeediOS;
			productName = EssentialFeediOS;
			productReference = 224B19962B27BE960062A0D2 /* EssentialFeediOS.framework */;
			productType = "com.apple.product-type.framework";
		};
		224B199C2B27BE960062A0D2 /* EssentialFeediOSTests */ = {
			isa = PBXNativeTarget;
			buildConfigurationList = 224B19AA2B27BE960062A0D2 /* Build configuration list for PBXNativeTarget "EssentialFeediOSTests" */;
			buildPhases = (
				224B19992B27BE960062A0D2 /* Sources */,
				224B199A2B27BE960062A0D2 /* Frameworks */,
				224B199B2B27BE960062A0D2 /* Resources */,
			);
			buildRules = (
			);
			dependencies = (
				224B19A02B27BE960062A0D2 /* PBXTargetDependency */,
			);
			name = EssentialFeediOSTests;
			productName = EssentialFeediOSTests;
			productReference = 224B199D2B27BE960062A0D2 /* EssentialFeediOSTests.xctest */;
			productType = "com.apple.product-type.bundle.unit-test";
		};
		229EE83B2B7A989C009D5D37 /* EssentialFeedCacheIntegrationTests */ = {
			isa = PBXNativeTarget;
			buildConfigurationList = 229EE8432B7A989C009D5D37 /* Build configuration list for PBXNativeTarget "EssentialFeedCacheIntegrationTests" */;
			buildPhases = (
				229EE8382B7A989C009D5D37 /* Sources */,
				229EE8392B7A989C009D5D37 /* Frameworks */,
				229EE83A2B7A989C009D5D37 /* Resources */,
			);
			buildRules = (
			);
			dependencies = (
				229EE8422B7A989C009D5D37 /* PBXTargetDependency */,
			);
			name = EssentialFeedCacheIntegrationTests;
			productName = EssentialFeedCacheIntegrationTests;
			productReference = 229EE83C2B7A989C009D5D37 /* EssentialFeedCacheIntegrationTests.xctest */;
			productType = "com.apple.product-type.bundle.unit-test";
		};
		22CA27572B0918C200D04867 /* EssentialFeedAPIEndToEndTests */ = {
			isa = PBXNativeTarget;
			buildConfigurationList = 22CA27612B0918C200D04867 /* Build configuration list for PBXNativeTarget "EssentialFeedAPIEndToEndTests" */;
			buildPhases = (
				22CA27542B0918C200D04867 /* Sources */,
				22CA27552B0918C200D04867 /* Frameworks */,
				22CA27562B0918C200D04867 /* Resources */,
			);
			buildRules = (
			);
			dependencies = (
				22CA275E2B0918C200D04867 /* PBXTargetDependency */,
			);
			name = EssentialFeedAPIEndToEndTests;
			productName = EssentialFeedAPIEndToEndTests;
			productReference = 22CA27582B0918C200D04867 /* EssentialFeedAPIEndToEndTests.xctest */;
			productType = "com.apple.product-type.bundle.unit-test";
		};
		22FBF4282AFA77D600FB0AED /* EssentialFeed */ = {
			isa = PBXNativeTarget;
			buildConfigurationList = 22FBF43D2AFA77D600FB0AED /* Build configuration list for PBXNativeTarget "EssentialFeed" */;
			buildPhases = (
				22FBF4242AFA77D600FB0AED /* Headers */,
				22FBF4252AFA77D600FB0AED /* Sources */,
				22FBF4262AFA77D600FB0AED /* Frameworks */,
				22FBF4272AFA77D600FB0AED /* Resources */,
			);
			buildRules = (
			);
			dependencies = (
			);
			name = EssentialFeed;
			productName = EssentialFeed;
			productReference = 22FBF4292AFA77D600FB0AED /* EssentialFeed.framework */;
			productType = "com.apple.product-type.framework";
		};
		22FBF4322AFA77D600FB0AED /* EssentialFeedTests */ = {
			isa = PBXNativeTarget;
			buildConfigurationList = 22FBF4402AFA77D600FB0AED /* Build configuration list for PBXNativeTarget "EssentialFeedTests" */;
			buildPhases = (
				22FBF42F2AFA77D600FB0AED /* Sources */,
				22FBF4302AFA77D600FB0AED /* Frameworks */,
				22FBF4312AFA77D600FB0AED /* Resources */,
			);
			buildRules = (
			);
			dependencies = (
				22FBF4362AFA77D600FB0AED /* PBXTargetDependency */,
			);
			name = EssentialFeedTests;
			productName = EssentialFeedTests;
			productReference = 22FBF4332AFA77D600FB0AED /* EssentialFeedTests.xctest */;
			productType = "com.apple.product-type.bundle.unit-test";
		};
/* End PBXNativeTarget section */

/* Begin PBXProject section */
		22FBF4202AFA77D600FB0AED /* Project object */ = {
			isa = PBXProject;
			attributes = {
				BuildIndependentTargetsInParallel = 1;
				LastSwiftUpdateCheck = 1510;
				LastUpgradeCheck = 1500;
				TargetAttributes = {
					224B19952B27BE960062A0D2 = {
						CreatedOnToolsVersion = 15.0;
						LastSwiftMigration = 1500;
					};
					224B199C2B27BE960062A0D2 = {
						CreatedOnToolsVersion = 15.0;
						LastSwiftMigration = 1500;
					};
					229EE83B2B7A989C009D5D37 = {
						CreatedOnToolsVersion = 15.1;
					};
					22CA27572B0918C200D04867 = {
						CreatedOnToolsVersion = 15.0;
					};
					22FBF4282AFA77D600FB0AED = {
						CreatedOnToolsVersion = 15.0;
					};
					22FBF4322AFA77D600FB0AED = {
						CreatedOnToolsVersion = 15.0;
					};
				};
			};
			buildConfigurationList = 22FBF4232AFA77D600FB0AED /* Build configuration list for PBXProject "EssentialFeed" */;
			compatibilityVersion = "Xcode 14.0";
			developmentRegion = en;
			hasScannedForEncodings = 0;
			knownRegions = (
				en,
				Base,
				el,
				"pt-BR",
			);
			mainGroup = 22FBF41F2AFA77D600FB0AED;
			productRefGroup = 22FBF42A2AFA77D600FB0AED /* Products */;
			projectDirPath = "";
			projectRoot = "";
			targets = (
				22FBF4282AFA77D600FB0AED /* EssentialFeed */,
				22FBF4322AFA77D600FB0AED /* EssentialFeedTests */,
				22CA27572B0918C200D04867 /* EssentialFeedAPIEndToEndTests */,
				224B19952B27BE960062A0D2 /* EssentialFeediOS */,
				224B199C2B27BE960062A0D2 /* EssentialFeediOSTests */,
				229EE83B2B7A989C009D5D37 /* EssentialFeedCacheIntegrationTests */,
			);
		};
/* End PBXProject section */

/* Begin PBXResourcesBuildPhase section */
		224B19942B27BE960062A0D2 /* Resources */ = {
			isa = PBXResourcesBuildPhase;
			buildActionMask = 2147483647;
			files = (
				22A0C4B42B85C67400173058 /* Feed.storyboard in Resources */,
				22A0C4B62B85E3DC00173058 /* Feed.xcassets in Resources */,
				22A0C4C02B865C5F00173058 /* Feed.strings in Resources */,
			);
			runOnlyForDeploymentPostprocessing = 0;
		};
		224B199B2B27BE960062A0D2 /* Resources */ = {
			isa = PBXResourcesBuildPhase;
			buildActionMask = 2147483647;
			files = (
			);
			runOnlyForDeploymentPostprocessing = 0;
		};
		229EE83A2B7A989C009D5D37 /* Resources */ = {
			isa = PBXResourcesBuildPhase;
			buildActionMask = 2147483647;
			files = (
			);
			runOnlyForDeploymentPostprocessing = 0;
		};
		22CA27562B0918C200D04867 /* Resources */ = {
			isa = PBXResourcesBuildPhase;
			buildActionMask = 2147483647;
			files = (
			);
			runOnlyForDeploymentPostprocessing = 0;
		};
		22FBF4272AFA77D600FB0AED /* Resources */ = {
			isa = PBXResourcesBuildPhase;
			buildActionMask = 2147483647;
			files = (
				22E5042A2B87B80100BDE2D0 /* Feed.strings in Resources */,
			);
			runOnlyForDeploymentPostprocessing = 0;
		};
		22FBF4312AFA77D600FB0AED /* Resources */ = {
			isa = PBXResourcesBuildPhase;
			buildActionMask = 2147483647;
			files = (
			);
			runOnlyForDeploymentPostprocessing = 0;
		};
/* End PBXResourcesBuildPhase section */

/* Begin PBXSourcesBuildPhase section */
		224B19922B27BE960062A0D2 /* Sources */ = {
			isa = PBXSourcesBuildPhase;
			buildActionMask = 2147483647;
			files = (
				226AE3782B852ED90091F095 /* FeedViewModel.swift in Sources */,
				22A0C4D62B86836C00173058 /* UIRefreshControl+Helpers.swift in Sources */,
				2286BD072B33494000837E10 /* UIView+Shimmering.swift in Sources */,
				225F7EE92B2A1D800084B880 /* FeedViewController.swift in Sources */,
				226AE3702B852E6C0091F095 /* FeedImagePresenter.swift in Sources */,
				22EA2F542B923BFD0055D249 /* UITableView+HeaderSizing.swift in Sources */,
				22A0C4BA2B85E85400173058 /* UITableView+DequeCell.swift in Sources */,
				22351F8E2B30C2F1001E2295 /* FeedImageCell.swift in Sources */,
				226AE3742B852EA40091F095 /* FeedLoadingViewModel.swift in Sources */,
				22A0C4B82B85E83700173058 /* UIImageView+Animations.swift in Sources */,
				22A0C4D42B8677F200173058 /* ErrorView.swift in Sources */,
				22A0C4D22B866E4E00173058 /* FeedErrorViewModel.swift in Sources */,
				221FBB482B35F02A0089428E /* FeedImageCellController.swift in Sources */,
			);
			runOnlyForDeploymentPostprocessing = 0;
		};
		224B19992B27BE960062A0D2 /* Sources */ = {
			isa = PBXSourcesBuildPhase;
			buildActionMask = 2147483647;
			files = (
				22176B9A2B92CC9800D6BD53 /* XCTestCase+Snapshot.swift in Sources */,
				22A0C4BF2B865A9800173058 /* FeedLocalizationTests.swift in Sources */,
				22176B982B92CC4A00D6BD53 /* UIViewController+Snapshot.swift in Sources */,
				22EA2F522B923B460055D249 /* FeedSnapshotTests.swift in Sources */,
				22F3E63A2B29C1EB004D8DB0 /* XCTestCase+MemoryLeakTracking.swift in Sources */,
				22EA2F502B923B1A0055D249 /* UIImage+TestHelpers.swift in Sources */,
			);
			runOnlyForDeploymentPostprocessing = 0;
		};
		229EE8382B7A989C009D5D37 /* Sources */ = {
			isa = PBXSourcesBuildPhase;
			buildActionMask = 2147483647;
			files = (
				229EE8462B7A98E8009D5D37 /* FeedCacheTestHelpers.swift in Sources */,
				229EE8482B7A997F009D5D37 /* XCTestCase+MemoryLeakTracking.swift in Sources */,
				229EE83F2B7A989C009D5D37 /* EssentialFeedCacheIntegrationTests.swift in Sources */,
				229EE8472B7A9951009D5D37 /* SharedTestHelpers.swift in Sources */,
			);
			runOnlyForDeploymentPostprocessing = 0;
		};
		22CA27542B0918C200D04867 /* Sources */ = {
			isa = PBXSourcesBuildPhase;
			buildActionMask = 2147483647;
			files = (
				22CA275B2B0918C200D04867 /* EssentialFeedAPIEndToEndTests.swift in Sources */,
				22CA27672B091BCD00D04867 /* XCTestCase+MemoryLeakTracking.swift in Sources */,
			);
			runOnlyForDeploymentPostprocessing = 0;
		};
		22FBF4252AFA77D600FB0AED /* Sources */ = {
			isa = PBXSourcesBuildPhase;
			buildActionMask = 2147483647;
			files = (
				229EE82D2B7A95D0009D5D37 /* CoreDataFeedStore+FeedStore.swift in Sources */,
				22CA27632B0919C700D04867 /* URLSessionHTTPClient.swift in Sources */,
				22D2BC9E2AFB348200265B82 /* RemoteFeedLoader.swift in Sources */,
				229EE8122B7A9592009D5D37 /* FeedCachePolicy.swift in Sources */,
				229EE8162B7A95A4009D5D37 /* FeedStore.swift in Sources */,
				229EE8142B7A959B009D5D37 /* FeedImageDataStore.swift in Sources */,
				220FA6822B009ADC000CC7D4 /* HTTPClient.swift in Sources */,
				229EE82C2B7A95D0009D5D37 /* CoreDataFeedStore.swift in Sources */,
				229EE81A2B7A95B9009D5D37 /* LocalFeedImage.swift in Sources */,
				229EE8332B7A9678009D5D37 /* FeedCache.swift in Sources */,
				22E504192B87B23000BDE2D0 /* FeedPresenter.swift in Sources */,
				229EE8372B7A9819009D5D37 /* FeedStore.xcdatamodeld in Sources */,
				22FBF4462AFA8C8D00FB0AED /* FeedLoader.swift in Sources */,
				229EE81C2B7A95B9009D5D37 /* LocalFeedLoader.swift in Sources */,
				220191ED2B89BA82009CD7BA /* HTTPURLResponse+StatusCode.swift in Sources */,
				229EE82B2B7A95D0009D5D37 /* CoreDataHelpers.swift in Sources */,
				220FA6842B009B76000CC7D4 /* FeedItemsMapper.swift in Sources */,
				22E5041D2B87B30600BDE2D0 /* FeedLoadingViewModel.swift in Sources */,
				229EE82A2B7A95D0009D5D37 /* ManagedCache.swift in Sources */,
				229EE81B2B7A95B9009D5D37 /* LocalFeedImageDataLoader.swift in Sources */,
				22E504212B87B34800BDE2D0 /* FeedImageViewModel.swift in Sources */,
				22E504232B87B37300BDE2D0 /* FeedViewModel.swift in Sources */,
				22F6C7DF2B159CC700447A5B /* RemoteFeedItem.swift in Sources */,
				229EE8282B7A95D0009D5D37 /* CoreDataFeedStore+FeedImageDataStore.swift in Sources */,
				229EE82F2B7A960D009D5D37 /* FeedImageDataCache.swift in Sources */,
				229EE8312B7A9627009D5D37 /* FeedImagedataLoader.swift in Sources */,
				220191EA2B89902F009CD7BA /* RemoteFeedImageDataLoader.swift in Sources */,
				22FBF4442AFA77FF00FB0AED /* FeedImage.swift in Sources */,
				22E5041B2B87B2D900BDE2D0 /* FeedErrorViewModel.swift in Sources */,
				229EE8292B7A95D0009D5D37 /* ManagedFeedImage.swift in Sources */,
				22E5041F2B87B33300BDE2D0 /* FeedImagePresenter.swift in Sources */,
				22FBF42E2AFA77D600FB0AED /* EssentialFeed.docc in Sources */,
			);
			runOnlyForDeploymentPostprocessing = 0;
		};
		22FBF42F2AFA77D600FB0AED /* Sources */ = {
			isa = PBXSourcesBuildPhase;
			buildActionMask = 2147483647;
			files = (
				2263B8EA2B257515001477EF /* XCTestCase+FailableDeleteFeedStoreSpecs.swift in Sources */,
				220191EF2B89BAF4009CD7BA /* URLProtocolStub.swift in Sources */,
				22BD4ED42B18DA5E00B437A4 /* ValidateFeedCacheUseCaseTests.swift in Sources */,
				2263B8EE2B257563001477EF /* XCTestCase+FailableRetrieveFeedStoreSpecs.swift in Sources */,
				22BDF6C72B8905020032D7FE /* LoadFeedImageDataFromRemoteUseCaseTests.swift in Sources */,
				22FBF4492AFA905600FB0AED /* LoadFeedFromRemoteUseCaseTests.swift in Sources */,
				224B9B972B03C04700CD4400 /* URLSessionHTTPClientTests.swift in Sources */,
				22E504252B87B3AA00BDE2D0 /* FeedLocalizationTests.swift in Sources */,
				220FE88A2B8D1D7600578298 /* CacheFeedImageDataUseCaseTests.swift in Sources */,
				22F6C7E62B16114300447A5B /* FeedStoreSpy.swift in Sources */,
				22BD4ED82B18E4C100B437A4 /* FeedCacheTestHelpers.swift in Sources */,
				220FE8862B8D127600578298 /* LoadFeedImageDataFromCacheUseCaseTests.swift in Sources */,
				220191E82B898F46009CD7BA /* HTTPClientSpy.swift in Sources */,
				2263B8F02B257587001477EF /* XCTestCase+FeedStoreSpecs.swift in Sources */,
				2263B8EC2B257543001477EF /* XCTestCase+FailableInsertFeedStoreSpecs.swift in Sources */,
				22BD4ED62B18E32F00B437A4 /* SharedTestHelpers.swift in Sources */,
				220FE8882B8D198C00578298 /* FeedImageDataStoreSpy.swift in Sources */,
				220FE88C2B8D204800578298 /* CoreDataFeedImageDataStoreTests.swift in Sources */,
				22E5040F2B87ADB700BDE2D0 /* FeedImagePresenterTests.swift in Sources */,
				2209B65E2B0B7C800022A8B9 /* CacheFeedUseCaseTests.swift in Sources */,
				22F6C7E32B16023B00447A5B /* LoadFeedFromCacheUseCaseTests.swift in Sources */,
				2263B8E82B2574E7001477EF /* FeedStoreSpecs.swift in Sources */,
				225F7EF32B2A217E0084B880 /* CoreDataFeedStoreTests.swift in Sources */,
				22E504272B87B3C300BDE2D0 /* FeedPresenterTests.swift in Sources */,
				22CA27662B0919ED00D04867 /* XCTestCase+MemoryLeakTracking.swift in Sources */,
			);
			runOnlyForDeploymentPostprocessing = 0;
		};
/* End PBXSourcesBuildPhase section */

/* Begin PBXTargetDependency section */
		224B19A02B27BE960062A0D2 /* PBXTargetDependency */ = {
			isa = PBXTargetDependency;
			target = 224B19952B27BE960062A0D2 /* EssentialFeediOS */;
			targetProxy = 224B199F2B27BE960062A0D2 /* PBXContainerItemProxy */;
		};
		225F7EF92B2A24430084B880 /* PBXTargetDependency */ = {
			isa = PBXTargetDependency;
			target = 22FBF4282AFA77D600FB0AED /* EssentialFeed */;
			targetProxy = 225F7EF82B2A24430084B880 /* PBXContainerItemProxy */;
		};
		229EE8422B7A989C009D5D37 /* PBXTargetDependency */ = {
			isa = PBXTargetDependency;
			target = 22FBF4282AFA77D600FB0AED /* EssentialFeed */;
			targetProxy = 229EE8412B7A989C009D5D37 /* PBXContainerItemProxy */;
		};
		22CA275E2B0918C200D04867 /* PBXTargetDependency */ = {
			isa = PBXTargetDependency;
			target = 22FBF4282AFA77D600FB0AED /* EssentialFeed */;
			targetProxy = 22CA275D2B0918C200D04867 /* PBXContainerItemProxy */;
		};
		22FBF4362AFA77D600FB0AED /* PBXTargetDependency */ = {
			isa = PBXTargetDependency;
			target = 22FBF4282AFA77D600FB0AED /* EssentialFeed */;
			targetProxy = 22FBF4352AFA77D600FB0AED /* PBXContainerItemProxy */;
		};
/* End PBXTargetDependency section */

/* Begin PBXVariantGroup section */
		22A0C4C22B865C5F00173058 /* Feed.strings */ = {
			isa = PBXVariantGroup;
			children = (
				22A0C4C12B865C5F00173058 /* en */,
				22A0C4C32B86605F00173058 /* el */,
				22A0C4C42B86607200173058 /* pt-BR */,
			);
			name = Feed.strings;
			sourceTree = "<group>";
		};
		22E5042C2B87B80100BDE2D0 /* Feed.strings */ = {
			isa = PBXVariantGroup;
			children = (
				22E5042B2B87B80100BDE2D0 /* en */,
				22E5042D2B87B85100BDE2D0 /* el */,
				22E5042E2B87B8A000BDE2D0 /* pt-BR */,
			);
			name = Feed.strings;
			sourceTree = "<group>";
		};
/* End PBXVariantGroup section */

/* Begin XCBuildConfiguration section */
		224B19A52B27BE960062A0D2 /* Debug */ = {
			isa = XCBuildConfiguration;
			buildSettings = {
				CLANG_ENABLE_MODULES = YES;
				CODE_SIGN_STYLE = Automatic;
				CURRENT_PROJECT_VERSION = 1;
				DEFINES_MODULE = YES;
				DYLIB_COMPATIBILITY_VERSION = 1;
				DYLIB_CURRENT_VERSION = 1;
				DYLIB_INSTALL_NAME_BASE = "@rpath";
				ENABLE_MODULE_VERIFIER = YES;
				GENERATE_INFOPLIST_FILE = YES;
				INFOPLIST_KEY_NSHumanReadableCopyright = "";
				INSTALL_PATH = "$(LOCAL_LIBRARY_DIR)/Frameworks";
				LD_RUNPATH_SEARCH_PATHS = (
					"$(inherited)",
					"@executable_path/Frameworks",
					"@loader_path/Frameworks",
				);
				MARKETING_VERSION = 1.0;
				MODULE_VERIFIER_SUPPORTED_LANGUAGES = "objective-c objective-c++";
				MODULE_VERIFIER_SUPPORTED_LANGUAGE_STANDARDS = "gnu17 gnu++20";
				PRODUCT_BUNDLE_IDENTIFIER = com.practice.EssentialFeediOS;
				PRODUCT_NAME = "$(TARGET_NAME:c99extidentifier)";
				SKIP_INSTALL = YES;
				SWIFT_EMIT_LOC_STRINGS = YES;
				SWIFT_OPTIMIZATION_LEVEL = "-Onone";
				SWIFT_VERSION = 5.0;
				TARGETED_DEVICE_FAMILY = "1,2";
			};
			name = Debug;
		};
		224B19A62B27BE960062A0D2 /* Release */ = {
			isa = XCBuildConfiguration;
			buildSettings = {
				CLANG_ENABLE_MODULES = YES;
				CODE_SIGN_STYLE = Automatic;
				CURRENT_PROJECT_VERSION = 1;
				DEFINES_MODULE = YES;
				DYLIB_COMPATIBILITY_VERSION = 1;
				DYLIB_CURRENT_VERSION = 1;
				DYLIB_INSTALL_NAME_BASE = "@rpath";
				ENABLE_MODULE_VERIFIER = YES;
				GENERATE_INFOPLIST_FILE = YES;
				INFOPLIST_KEY_NSHumanReadableCopyright = "";
				INSTALL_PATH = "$(LOCAL_LIBRARY_DIR)/Frameworks";
				LD_RUNPATH_SEARCH_PATHS = (
					"$(inherited)",
					"@executable_path/Frameworks",
					"@loader_path/Frameworks",
				);
				MARKETING_VERSION = 1.0;
				MODULE_VERIFIER_SUPPORTED_LANGUAGES = "objective-c objective-c++";
				MODULE_VERIFIER_SUPPORTED_LANGUAGE_STANDARDS = "gnu17 gnu++20";
				PRODUCT_BUNDLE_IDENTIFIER = com.practice.EssentialFeediOS;
				PRODUCT_NAME = "$(TARGET_NAME:c99extidentifier)";
				SKIP_INSTALL = YES;
				SWIFT_EMIT_LOC_STRINGS = YES;
				SWIFT_VERSION = 5.0;
				TARGETED_DEVICE_FAMILY = "1,2";
			};
			name = Release;
		};
		224B19A72B27BE960062A0D2 /* Debug */ = {
			isa = XCBuildConfiguration;
			buildSettings = {
				ALWAYS_EMBED_SWIFT_STANDARD_LIBRARIES = YES;
				CLANG_ENABLE_MODULES = YES;
				CODE_SIGN_STYLE = Automatic;
				CURRENT_PROJECT_VERSION = 1;
				GENERATE_INFOPLIST_FILE = YES;
				MARKETING_VERSION = 1.0;
				PRODUCT_BUNDLE_IDENTIFIER = com.practice.EssentialFeediOSTests;
				PRODUCT_NAME = "$(TARGET_NAME)";
				SWIFT_EMIT_LOC_STRINGS = NO;
				SWIFT_OPTIMIZATION_LEVEL = "-Onone";
				SWIFT_VERSION = 5.0;
				TARGETED_DEVICE_FAMILY = "1,2";
			};
			name = Debug;
		};
		224B19A82B27BE960062A0D2 /* Release */ = {
			isa = XCBuildConfiguration;
			buildSettings = {
				ALWAYS_EMBED_SWIFT_STANDARD_LIBRARIES = YES;
				CLANG_ENABLE_MODULES = YES;
				CODE_SIGN_STYLE = Automatic;
				CURRENT_PROJECT_VERSION = 1;
				GENERATE_INFOPLIST_FILE = YES;
				MARKETING_VERSION = 1.0;
				PRODUCT_BUNDLE_IDENTIFIER = com.practice.EssentialFeediOSTests;
				PRODUCT_NAME = "$(TARGET_NAME)";
				SWIFT_EMIT_LOC_STRINGS = NO;
				SWIFT_VERSION = 5.0;
				TARGETED_DEVICE_FAMILY = "1,2";
			};
			name = Release;
		};
		229EE8442B7A989C009D5D37 /* Debug */ = {
			isa = XCBuildConfiguration;
			buildSettings = {
				CODE_SIGN_STYLE = Automatic;
				CURRENT_PROJECT_VERSION = 1;
				GENERATE_INFOPLIST_FILE = YES;
				IPHONEOS_DEPLOYMENT_TARGET = 17.0;
				MARKETING_VERSION = 1.0;
				PRODUCT_BUNDLE_IDENTIFIER = com.practice.EssentialFeedCacheIntegrationTests;
				PRODUCT_NAME = "$(TARGET_NAME)";
				SWIFT_EMIT_LOC_STRINGS = NO;
				SWIFT_VERSION = 5.0;
				TARGETED_DEVICE_FAMILY = "1,2";
			};
			name = Debug;
		};
		229EE8452B7A989C009D5D37 /* Release */ = {
			isa = XCBuildConfiguration;
			buildSettings = {
				CODE_SIGN_STYLE = Automatic;
				CURRENT_PROJECT_VERSION = 1;
				GENERATE_INFOPLIST_FILE = YES;
				IPHONEOS_DEPLOYMENT_TARGET = 17.0;
				MARKETING_VERSION = 1.0;
				PRODUCT_BUNDLE_IDENTIFIER = com.practice.EssentialFeedCacheIntegrationTests;
				PRODUCT_NAME = "$(TARGET_NAME)";
				SWIFT_EMIT_LOC_STRINGS = NO;
				SWIFT_VERSION = 5.0;
				TARGETED_DEVICE_FAMILY = "1,2";
			};
			name = Release;
		};
		22CA275F2B0918C200D04867 /* Debug */ = {
			isa = XCBuildConfiguration;
			buildSettings = {
				CODE_SIGN_STYLE = Automatic;
				CURRENT_PROJECT_VERSION = 1;
				GENERATE_INFOPLIST_FILE = YES;
				MARKETING_VERSION = 1.0;
				PRODUCT_BUNDLE_IDENTIFIER = com.practice.EssentialFeedAPIEndToEndTests;
				PRODUCT_NAME = "$(TARGET_NAME)";
				SWIFT_EMIT_LOC_STRINGS = NO;
				SWIFT_VERSION = 5.0;
				TARGETED_DEVICE_FAMILY = "1,2";
			};
			name = Debug;
		};
		22CA27602B0918C200D04867 /* Release */ = {
			isa = XCBuildConfiguration;
			buildSettings = {
				CODE_SIGN_STYLE = Automatic;
				CURRENT_PROJECT_VERSION = 1;
				GENERATE_INFOPLIST_FILE = YES;
				MARKETING_VERSION = 1.0;
				PRODUCT_BUNDLE_IDENTIFIER = com.practice.EssentialFeedAPIEndToEndTests;
				PRODUCT_NAME = "$(TARGET_NAME)";
				SWIFT_EMIT_LOC_STRINGS = NO;
				SWIFT_VERSION = 5.0;
				TARGETED_DEVICE_FAMILY = "1,2";
			};
			name = Release;
		};
		22FBF43B2AFA77D600FB0AED /* Debug */ = {
			isa = XCBuildConfiguration;
			buildSettings = {
				ALWAYS_SEARCH_USER_PATHS = NO;
				ASSETCATALOG_COMPILER_GENERATE_SWIFT_ASSET_SYMBOL_EXTENSIONS = YES;
				CLANG_ANALYZER_LOCALIZABILITY_NONLOCALIZED = YES;
				CLANG_ANALYZER_NONNULL = YES;
				CLANG_ANALYZER_NUMBER_OBJECT_CONVERSION = YES_AGGRESSIVE;
				CLANG_CXX_LANGUAGE_STANDARD = "gnu++20";
				CLANG_ENABLE_MODULES = YES;
				CLANG_ENABLE_OBJC_ARC = YES;
				CLANG_ENABLE_OBJC_WEAK = YES;
				CLANG_WARN_BLOCK_CAPTURE_AUTORELEASING = YES;
				CLANG_WARN_BOOL_CONVERSION = YES;
				CLANG_WARN_COMMA = YES;
				CLANG_WARN_CONSTANT_CONVERSION = YES;
				CLANG_WARN_DEPRECATED_OBJC_IMPLEMENTATIONS = YES;
				CLANG_WARN_DIRECT_OBJC_ISA_USAGE = YES_ERROR;
				CLANG_WARN_DOCUMENTATION_COMMENTS = YES;
				CLANG_WARN_EMPTY_BODY = YES;
				CLANG_WARN_ENUM_CONVERSION = YES;
				CLANG_WARN_INFINITE_RECURSION = YES;
				CLANG_WARN_INT_CONVERSION = YES;
				CLANG_WARN_NON_LITERAL_NULL_CONVERSION = YES;
				CLANG_WARN_OBJC_IMPLICIT_RETAIN_SELF = YES;
				CLANG_WARN_OBJC_LITERAL_CONVERSION = YES;
				CLANG_WARN_OBJC_ROOT_CLASS = YES_ERROR;
				CLANG_WARN_QUOTED_INCLUDE_IN_FRAMEWORK_HEADER = YES;
				CLANG_WARN_RANGE_LOOP_ANALYSIS = YES;
				CLANG_WARN_STRICT_PROTOTYPES = YES;
				CLANG_WARN_SUSPICIOUS_MOVE = YES;
				CLANG_WARN_UNGUARDED_AVAILABILITY = YES_AGGRESSIVE;
				CLANG_WARN_UNREACHABLE_CODE = YES;
				CLANG_WARN__DUPLICATE_METHOD_MATCH = YES;
				COPY_PHASE_STRIP = NO;
				CURRENT_PROJECT_VERSION = 1;
				DEBUG_INFORMATION_FORMAT = dwarf;
				ENABLE_STRICT_OBJC_MSGSEND = YES;
				ENABLE_TESTABILITY = YES;
				ENABLE_USER_SCRIPT_SANDBOXING = YES;
				GCC_C_LANGUAGE_STANDARD = gnu17;
				GCC_DYNAMIC_NO_PIC = NO;
				GCC_NO_COMMON_BLOCKS = YES;
				GCC_OPTIMIZATION_LEVEL = 0;
				GCC_PREPROCESSOR_DEFINITIONS = (
					"DEBUG=1",
					"$(inherited)",
				);
				GCC_WARN_64_TO_32_BIT_CONVERSION = YES;
				GCC_WARN_ABOUT_RETURN_TYPE = YES_ERROR;
				GCC_WARN_UNDECLARED_SELECTOR = YES;
				GCC_WARN_UNINITIALIZED_AUTOS = YES_AGGRESSIVE;
				GCC_WARN_UNUSED_FUNCTION = YES;
				GCC_WARN_UNUSED_VARIABLE = YES;
				IPHONEOS_DEPLOYMENT_TARGET = 17.0;
				LOCALIZATION_PREFERS_STRING_CATALOGS = YES;
				MTL_ENABLE_DEBUG_INFO = INCLUDE_SOURCE;
				MTL_FAST_MATH = YES;
				ONLY_ACTIVE_ARCH = YES;
				SDKROOT = iphoneos;
				SWIFT_ACTIVE_COMPILATION_CONDITIONS = "DEBUG $(inherited)";
				SWIFT_OPTIMIZATION_LEVEL = "-Onone";
				VERSIONING_SYSTEM = "apple-generic";
				VERSION_INFO_PREFIX = "";
			};
			name = Debug;
		};
		22FBF43C2AFA77D600FB0AED /* Release */ = {
			isa = XCBuildConfiguration;
			buildSettings = {
				ALWAYS_SEARCH_USER_PATHS = NO;
				ASSETCATALOG_COMPILER_GENERATE_SWIFT_ASSET_SYMBOL_EXTENSIONS = YES;
				CLANG_ANALYZER_LOCALIZABILITY_NONLOCALIZED = YES;
				CLANG_ANALYZER_NONNULL = YES;
				CLANG_ANALYZER_NUMBER_OBJECT_CONVERSION = YES_AGGRESSIVE;
				CLANG_CXX_LANGUAGE_STANDARD = "gnu++20";
				CLANG_ENABLE_MODULES = YES;
				CLANG_ENABLE_OBJC_ARC = YES;
				CLANG_ENABLE_OBJC_WEAK = YES;
				CLANG_WARN_BLOCK_CAPTURE_AUTORELEASING = YES;
				CLANG_WARN_BOOL_CONVERSION = YES;
				CLANG_WARN_COMMA = YES;
				CLANG_WARN_CONSTANT_CONVERSION = YES;
				CLANG_WARN_DEPRECATED_OBJC_IMPLEMENTATIONS = YES;
				CLANG_WARN_DIRECT_OBJC_ISA_USAGE = YES_ERROR;
				CLANG_WARN_DOCUMENTATION_COMMENTS = YES;
				CLANG_WARN_EMPTY_BODY = YES;
				CLANG_WARN_ENUM_CONVERSION = YES;
				CLANG_WARN_INFINITE_RECURSION = YES;
				CLANG_WARN_INT_CONVERSION = YES;
				CLANG_WARN_NON_LITERAL_NULL_CONVERSION = YES;
				CLANG_WARN_OBJC_IMPLICIT_RETAIN_SELF = YES;
				CLANG_WARN_OBJC_LITERAL_CONVERSION = YES;
				CLANG_WARN_OBJC_ROOT_CLASS = YES_ERROR;
				CLANG_WARN_QUOTED_INCLUDE_IN_FRAMEWORK_HEADER = YES;
				CLANG_WARN_RANGE_LOOP_ANALYSIS = YES;
				CLANG_WARN_STRICT_PROTOTYPES = YES;
				CLANG_WARN_SUSPICIOUS_MOVE = YES;
				CLANG_WARN_UNGUARDED_AVAILABILITY = YES_AGGRESSIVE;
				CLANG_WARN_UNREACHABLE_CODE = YES;
				CLANG_WARN__DUPLICATE_METHOD_MATCH = YES;
				COPY_PHASE_STRIP = NO;
				CURRENT_PROJECT_VERSION = 1;
				DEBUG_INFORMATION_FORMAT = "dwarf-with-dsym";
				ENABLE_NS_ASSERTIONS = NO;
				ENABLE_STRICT_OBJC_MSGSEND = YES;
				ENABLE_USER_SCRIPT_SANDBOXING = YES;
				GCC_C_LANGUAGE_STANDARD = gnu17;
				GCC_NO_COMMON_BLOCKS = YES;
				GCC_WARN_64_TO_32_BIT_CONVERSION = YES;
				GCC_WARN_ABOUT_RETURN_TYPE = YES_ERROR;
				GCC_WARN_UNDECLARED_SELECTOR = YES;
				GCC_WARN_UNINITIALIZED_AUTOS = YES_AGGRESSIVE;
				GCC_WARN_UNUSED_FUNCTION = YES;
				GCC_WARN_UNUSED_VARIABLE = YES;
				IPHONEOS_DEPLOYMENT_TARGET = 17.0;
				LOCALIZATION_PREFERS_STRING_CATALOGS = YES;
				MTL_ENABLE_DEBUG_INFO = NO;
				MTL_FAST_MATH = YES;
				SDKROOT = iphoneos;
				SWIFT_COMPILATION_MODE = wholemodule;
				VALIDATE_PRODUCT = YES;
				VERSIONING_SYSTEM = "apple-generic";
				VERSION_INFO_PREFIX = "";
			};
			name = Release;
		};
		22FBF43E2AFA77D600FB0AED /* Debug */ = {
			isa = XCBuildConfiguration;
			buildSettings = {
				CODE_SIGN_STYLE = Automatic;
				CURRENT_PROJECT_VERSION = 1;
				DEFINES_MODULE = YES;
				DYLIB_COMPATIBILITY_VERSION = 1;
				DYLIB_CURRENT_VERSION = 1;
				DYLIB_INSTALL_NAME_BASE = "@rpath";
				ENABLE_MODULE_VERIFIER = YES;
				GENERATE_INFOPLIST_FILE = YES;
				INFOPLIST_KEY_NSHumanReadableCopyright = "";
				INSTALL_PATH = "$(LOCAL_LIBRARY_DIR)/Frameworks";
				LD_RUNPATH_SEARCH_PATHS = (
					"$(inherited)",
					"@executable_path/Frameworks",
					"@loader_path/Frameworks",
				);
				MARKETING_VERSION = 1.0;
				MODULE_VERIFIER_SUPPORTED_LANGUAGES = "objective-c objective-c++";
				MODULE_VERIFIER_SUPPORTED_LANGUAGE_STANDARDS = "gnu17 gnu++20";
				PRODUCT_BUNDLE_IDENTIFIER = com.practice.EssentialFeed;
				PRODUCT_NAME = "$(TARGET_NAME:c99extidentifier)";
				SKIP_INSTALL = YES;
				SWIFT_EMIT_LOC_STRINGS = YES;
				SWIFT_VERSION = 5.0;
				TARGETED_DEVICE_FAMILY = "1,2";
			};
			name = Debug;
		};
		22FBF43F2AFA77D600FB0AED /* Release */ = {
			isa = XCBuildConfiguration;
			buildSettings = {
				CODE_SIGN_STYLE = Automatic;
				CURRENT_PROJECT_VERSION = 1;
				DEFINES_MODULE = YES;
				DYLIB_COMPATIBILITY_VERSION = 1;
				DYLIB_CURRENT_VERSION = 1;
				DYLIB_INSTALL_NAME_BASE = "@rpath";
				ENABLE_MODULE_VERIFIER = YES;
				GENERATE_INFOPLIST_FILE = YES;
				INFOPLIST_KEY_NSHumanReadableCopyright = "";
				INSTALL_PATH = "$(LOCAL_LIBRARY_DIR)/Frameworks";
				LD_RUNPATH_SEARCH_PATHS = (
					"$(inherited)",
					"@executable_path/Frameworks",
					"@loader_path/Frameworks",
				);
				MARKETING_VERSION = 1.0;
				MODULE_VERIFIER_SUPPORTED_LANGUAGES = "objective-c objective-c++";
				MODULE_VERIFIER_SUPPORTED_LANGUAGE_STANDARDS = "gnu17 gnu++20";
				PRODUCT_BUNDLE_IDENTIFIER = com.practice.EssentialFeed;
				PRODUCT_NAME = "$(TARGET_NAME:c99extidentifier)";
				SKIP_INSTALL = YES;
				SWIFT_EMIT_LOC_STRINGS = YES;
				SWIFT_VERSION = 5.0;
				TARGETED_DEVICE_FAMILY = "1,2";
			};
			name = Release;
		};
		22FBF4412AFA77D600FB0AED /* Debug */ = {
			isa = XCBuildConfiguration;
			buildSettings = {
				ALWAYS_EMBED_SWIFT_STANDARD_LIBRARIES = YES;
				CODE_SIGN_STYLE = Automatic;
				CURRENT_PROJECT_VERSION = 1;
				GENERATE_INFOPLIST_FILE = YES;
				MARKETING_VERSION = 1.0;
				PRODUCT_BUNDLE_IDENTIFIER = com.practice.EssentialFeedTests;
				PRODUCT_NAME = "$(TARGET_NAME)";
				SWIFT_EMIT_LOC_STRINGS = NO;
				SWIFT_VERSION = 5.0;
				TARGETED_DEVICE_FAMILY = "1,2";
			};
			name = Debug;
		};
		22FBF4422AFA77D600FB0AED /* Release */ = {
			isa = XCBuildConfiguration;
			buildSettings = {
				ALWAYS_EMBED_SWIFT_STANDARD_LIBRARIES = YES;
				CODE_SIGN_STYLE = Automatic;
				CURRENT_PROJECT_VERSION = 1;
				GENERATE_INFOPLIST_FILE = YES;
				MARKETING_VERSION = 1.0;
				PRODUCT_BUNDLE_IDENTIFIER = com.practice.EssentialFeedTests;
				PRODUCT_NAME = "$(TARGET_NAME)";
				SWIFT_EMIT_LOC_STRINGS = NO;
				SWIFT_VERSION = 5.0;
				TARGETED_DEVICE_FAMILY = "1,2";
			};
			name = Release;
		};
/* End XCBuildConfiguration section */

/* Begin XCConfigurationList section */
		224B19A92B27BE960062A0D2 /* Build configuration list for PBXNativeTarget "EssentialFeediOS" */ = {
			isa = XCConfigurationList;
			buildConfigurations = (
				224B19A52B27BE960062A0D2 /* Debug */,
				224B19A62B27BE960062A0D2 /* Release */,
			);
			defaultConfigurationIsVisible = 0;
			defaultConfigurationName = Release;
		};
		224B19AA2B27BE960062A0D2 /* Build configuration list for PBXNativeTarget "EssentialFeediOSTests" */ = {
			isa = XCConfigurationList;
			buildConfigurations = (
				224B19A72B27BE960062A0D2 /* Debug */,
				224B19A82B27BE960062A0D2 /* Release */,
			);
			defaultConfigurationIsVisible = 0;
			defaultConfigurationName = Release;
		};
		229EE8432B7A989C009D5D37 /* Build configuration list for PBXNativeTarget "EssentialFeedCacheIntegrationTests" */ = {
			isa = XCConfigurationList;
			buildConfigurations = (
				229EE8442B7A989C009D5D37 /* Debug */,
				229EE8452B7A989C009D5D37 /* Release */,
			);
			defaultConfigurationIsVisible = 0;
			defaultConfigurationName = Release;
		};
		22CA27612B0918C200D04867 /* Build configuration list for PBXNativeTarget "EssentialFeedAPIEndToEndTests" */ = {
			isa = XCConfigurationList;
			buildConfigurations = (
				22CA275F2B0918C200D04867 /* Debug */,
				22CA27602B0918C200D04867 /* Release */,
			);
			defaultConfigurationIsVisible = 0;
			defaultConfigurationName = Release;
		};
		22FBF4232AFA77D600FB0AED /* Build configuration list for PBXProject "EssentialFeed" */ = {
			isa = XCConfigurationList;
			buildConfigurations = (
				22FBF43B2AFA77D600FB0AED /* Debug */,
				22FBF43C2AFA77D600FB0AED /* Release */,
			);
			defaultConfigurationIsVisible = 0;
			defaultConfigurationName = Release;
		};
		22FBF43D2AFA77D600FB0AED /* Build configuration list for PBXNativeTarget "EssentialFeed" */ = {
			isa = XCConfigurationList;
			buildConfigurations = (
				22FBF43E2AFA77D600FB0AED /* Debug */,
				22FBF43F2AFA77D600FB0AED /* Release */,
			);
			defaultConfigurationIsVisible = 0;
			defaultConfigurationName = Release;
		};
		22FBF4402AFA77D600FB0AED /* Build configuration list for PBXNativeTarget "EssentialFeedTests" */ = {
			isa = XCConfigurationList;
			buildConfigurations = (
				22FBF4412AFA77D600FB0AED /* Debug */,
				22FBF4422AFA77D600FB0AED /* Release */,
			);
			defaultConfigurationIsVisible = 0;
			defaultConfigurationName = Release;
		};
/* End XCConfigurationList section */

/* Begin XCVersionGroup section */
		229EE8342B7A9819009D5D37 /* FeedStore.xcdatamodeld */ = {
			isa = XCVersionGroup;
			children = (
				229EE8352B7A9819009D5D37 /* FeedStore2.xcdatamodel */,
				229EE8362B7A9819009D5D37 /* FeedStore.xcdatamodel */,
			);
			currentVersion = 229EE8352B7A9819009D5D37 /* FeedStore2.xcdatamodel */;
			name = FeedStore.xcdatamodeld;
			path = "../../../../essential-feed-case-study-master/EssentialFeed/EssentialFeed/Feed Cache/Infrastructure/CoreData/FeedStore.xcdatamodeld";
			sourceTree = "<group>";
			versionGroupType = wrapper.xcdatamodel;
		};
/* End XCVersionGroup section */
	};
	rootObject = 22FBF4202AFA77D600FB0AED /* Project object */;
}
