// !$*UTF8*$!
{
	archiveVersion = 1;
	classes = {
	};
	objectVersion = 56;
	objects = {

/* Begin PBXBuildFile section */
		22355D742B8E57F6002326F8 /* EssentialFeed.framework in Frameworks */ = {isa = PBXBuildFile; fileRef = 22355D722B8E57F6002326F8 /* EssentialFeed.framework */; };
		22355D752B8E57F6002326F8 /* EssentialFeed.framework in Embed Frameworks */ = {isa = PBXBuildFile; fileRef = 22355D722B8E57F6002326F8 /* EssentialFeed.framework */; settings = {ATTRIBUTES = (CodeSignOnCopy, RemoveHeadersOnCopy, ); }; };
		22355D762B8E57F6002326F8 /* EssentialFeediOS.framework in Frameworks */ = {isa = PBXBuildFile; fileRef = 22355D732B8E57F6002326F8 /* EssentialFeediOS.framework */; };
		22355D772B8E57F6002326F8 /* EssentialFeediOS.framework in Embed Frameworks */ = {isa = PBXBuildFile; fileRef = 22355D732B8E57F6002326F8 /* EssentialFeediOS.framework */; settings = {ATTRIBUTES = (CodeSignOnCopy, RemoveHeadersOnCopy, ); }; };
		22355D7A2B8E5E39002326F8 /* FeedLoaderWithFallbackCompositeTests.swift in Sources */ = {isa = PBXBuildFile; fileRef = 22355D792B8E5E39002326F8 /* FeedLoaderWithFallbackCompositeTests.swift */; };
		22355D7C2B8E6138002326F8 /* FeedLoaderWithFallbackComposite.swift in Sources */ = {isa = PBXBuildFile; fileRef = 22355D7B2B8E6138002326F8 /* FeedLoaderWithFallbackComposite.swift */; };
		22355D7E2B8E6193002326F8 /* FeedImageDataLoaderWithFallbackCompositeTests.swift in Sources */ = {isa = PBXBuildFile; fileRef = 22355D7D2B8E6193002326F8 /* FeedImageDataLoaderWithFallbackCompositeTests.swift */; };
		22355D802B8E673F002326F8 /* FeedImageDataLoaderWithFallbackComposite.swift in Sources */ = {isa = PBXBuildFile; fileRef = 22355D7F2B8E673F002326F8 /* FeedImageDataLoaderWithFallbackComposite.swift */; };
		22355D832B8E682F002326F8 /* XCTestCase+MemoryLeakTracking.swift in Sources */ = {isa = PBXBuildFile; fileRef = 22355D822B8E682F002326F8 /* XCTestCase+MemoryLeakTracking.swift */; };
		22355D852B8E6863002326F8 /* SharedTestHelpers.swift in Sources */ = {isa = PBXBuildFile; fileRef = 22355D842B8E6863002326F8 /* SharedTestHelpers.swift */; };
		2298FA5A2B90F3ED00F52AB0 /* SceneDelegateTests.swift in Sources */ = {isa = PBXBuildFile; fileRef = 2298FA592B90F3ED00F52AB0 /* SceneDelegateTests.swift */; };
		2298FA612B90F44E00F52AB0 /* FeedImageDataLoaderPresentationAdapter.swift in Sources */ = {isa = PBXBuildFile; fileRef = 2298FA5E2B90F44E00F52AB0 /* FeedImageDataLoaderPresentationAdapter.swift */; };
		2298FA622B90F44E00F52AB0 /* FeedViewAdapter.swift in Sources */ = {isa = PBXBuildFile; fileRef = 2298FA5D2B90F44E00F52AB0 /* FeedViewAdapter.swift */; };
		2298FA632B90F44E00F52AB0 /* FeedLoaderPresentationAdapter.swift in Sources */ = {isa = PBXBuildFile; fileRef = 2298FA5B2B90F44E00F52AB0 /* FeedLoaderPresentationAdapter.swift */; };
		2298FA642B90F44E00F52AB0 /* WeakRefVirtualProxy.swift in Sources */ = {isa = PBXBuildFile; fileRef = 2298FA5F2B90F44E00F52AB0 /* WeakRefVirtualProxy.swift */; };
		2298FA652B90F44E00F52AB0 /* MainQueueDispatchDecorator.swift in Sources */ = {isa = PBXBuildFile; fileRef = 2298FA5C2B90F44E00F52AB0 /* MainQueueDispatchDecorator.swift */; };
		2298FA662B90F44E00F52AB0 /* FeedUIComposer.swift in Sources */ = {isa = PBXBuildFile; fileRef = 2298FA602B90F44E00F52AB0 /* FeedUIComposer.swift */; };
		2298FA702B90F49C00F52AB0 /* FeedViewControllerTests+Assertions.swift in Sources */ = {isa = PBXBuildFile; fileRef = 2298FA6F2B90F49C00F52AB0 /* FeedViewControllerTests+Assertions.swift */; };
		2298FA712B90F49C00F52AB0 /* FeedUIIntegrationTests+Localizations.swift in Sources */ = {isa = PBXBuildFile; fileRef = 2298FA692B90F49C00F52AB0 /* FeedUIIntegrationTests+Localizations.swift */; };
		2298FA722B90F49C00F52AB0 /* FeedViewController+TestHelpers.swift in Sources */ = {isa = PBXBuildFile; fileRef = 2298FA6D2B90F49C00F52AB0 /* FeedViewController+TestHelpers.swift */; };
		2298FA732B90F49C00F52AB0 /* FeedViewControllerTests+LoaderSpy.swift in Sources */ = {isa = PBXBuildFile; fileRef = 2298FA6B2B90F49C00F52AB0 /* FeedViewControllerTests+LoaderSpy.swift */; };
		2298FA742B90F49C00F52AB0 /* UIControl+TestHelpers.swift in Sources */ = {isa = PBXBuildFile; fileRef = 2298FA6A2B90F49C00F52AB0 /* UIControl+TestHelpers.swift */; };
		2298FA752B90F49C00F52AB0 /* UIImage+TestHelpers.swift in Sources */ = {isa = PBXBuildFile; fileRef = 2298FA6C2B90F49C00F52AB0 /* UIImage+TestHelpers.swift */; };
		2298FA762B90F49C00F52AB0 /* UIRefreshControl+TestHelpers.swift in Sources */ = {isa = PBXBuildFile; fileRef = 2298FA672B90F49C00F52AB0 /* UIRefreshControl+TestHelpers.swift */; };
		2298FA772B90F49C00F52AB0 /* FeedImageCell+TestHelpers.swift in Sources */ = {isa = PBXBuildFile; fileRef = 2298FA6E2B90F49C00F52AB0 /* FeedImageCell+TestHelpers.swift */; };
		2298FA782B90F49C00F52AB0 /* UIButton+TestHelpers.swift in Sources */ = {isa = PBXBuildFile; fileRef = 2298FA682B90F49C00F52AB0 /* UIButton+TestHelpers.swift */; };
		2298FA7C2B90FA2D00F52AB0 /* FeedUIIntegrationTests.swift in Sources */ = {isa = PBXBuildFile; fileRef = 2298FA7B2B90FA2D00F52AB0 /* FeedUIIntegrationTests.swift */; };
		2298FA802B91000A00F52AB0 /* FeedAcceptanceTests.swift in Sources */ = {isa = PBXBuildFile; fileRef = 2298FA7F2B91000A00F52AB0 /* FeedAcceptanceTests.swift */; };
		229FD3D52B8F799000B17A34 /* FeedLoaderCacheDecoratorTests.swift in Sources */ = {isa = PBXBuildFile; fileRef = 229FD3D42B8F799000B17A34 /* FeedLoaderCacheDecoratorTests.swift */; };
		229FD3D72B8F79FD00B17A34 /* FeedLoaderStub.swift in Sources */ = {isa = PBXBuildFile; fileRef = 229FD3D62B8F79FD00B17A34 /* FeedLoaderStub.swift */; };
		229FD3D92B8F7D0800B17A34 /* XCTestCase+FeedLoader.swift in Sources */ = {isa = PBXBuildFile; fileRef = 229FD3D82B8F7D0800B17A34 /* XCTestCase+FeedLoader.swift */; };
		229FD3DB2B8F950500B17A34 /* FeedLoaderCacheDecorator.swift in Sources */ = {isa = PBXBuildFile; fileRef = 229FD3DA2B8F950500B17A34 /* FeedLoaderCacheDecorator.swift */; };
		229FD3DD2B8F95DA00B17A34 /* FeedImageDataLoaderCacheDecoratorTests.swift in Sources */ = {isa = PBXBuildFile; fileRef = 229FD3DC2B8F95DA00B17A34 /* FeedImageDataLoaderCacheDecoratorTests.swift */; };
		229FD3DF2B8F961000B17A34 /* FeedImageDataLoaderSpy.swift in Sources */ = {isa = PBXBuildFile; fileRef = 229FD3DE2B8F961000B17A34 /* FeedImageDataLoaderSpy.swift */; };
		229FD3E12B8F972200B17A34 /* XCTestCase+FeedImageDataLoader.swift in Sources */ = {isa = PBXBuildFile; fileRef = 229FD3E02B8F972200B17A34 /* XCTestCase+FeedImageDataLoader.swift */; };
		229FD3E32B8F993400B17A34 /* FeedImageDataLoaderCacheDecorator.swift in Sources */ = {isa = PBXBuildFile; fileRef = 229FD3E22B8F993400B17A34 /* FeedImageDataLoaderCacheDecorator.swift */; };
		22EEAFBF2B8E527C0068E359 /* AppDelegate.swift in Sources */ = {isa = PBXBuildFile; fileRef = 22EEAFBE2B8E527C0068E359 /* AppDelegate.swift */; };
		22EEAFC12B8E527C0068E359 /* SceneDelegate.swift in Sources */ = {isa = PBXBuildFile; fileRef = 22EEAFC02B8E527C0068E359 /* SceneDelegate.swift */; };
		22EEAFC32B8E527C0068E359 /* ViewController.swift in Sources */ = {isa = PBXBuildFile; fileRef = 22EEAFC22B8E527C0068E359 /* ViewController.swift */; };
		22EEAFC62B8E527C0068E359 /* Main.storyboard in Resources */ = {isa = PBXBuildFile; fileRef = 22EEAFC42B8E527C0068E359 /* Main.storyboard */; };
		22EEAFC82B8E527D0068E359 /* Assets.xcassets in Resources */ = {isa = PBXBuildFile; fileRef = 22EEAFC72B8E527D0068E359 /* Assets.xcassets */; };
		22EEAFCB2B8E527D0068E359 /* LaunchScreen.storyboard in Resources */ = {isa = PBXBuildFile; fileRef = 22EEAFC92B8E527D0068E359 /* LaunchScreen.storyboard */; };
/* End PBXBuildFile section */

/* Begin PBXContainerItemProxy section */
		22EEAFD22B8E527D0068E359 /* PBXContainerItemProxy */ = {
			isa = PBXContainerItemProxy;
			containerPortal = 22EEAFB32B8E527C0068E359 /* Project object */;
			proxyType = 1;
			remoteGlobalIDString = 22EEAFBA2B8E527C0068E359;
			remoteInfo = EssentialApp;
		};
/* End PBXContainerItemProxy section */

/* Begin PBXCopyFilesBuildPhase section */
		22355D782B8E57F6002326F8 /* Embed Frameworks */ = {
			isa = PBXCopyFilesBuildPhase;
			buildActionMask = 2147483647;
			dstPath = "";
			dstSubfolderSpec = 10;
			files = (
				22355D752B8E57F6002326F8 /* EssentialFeed.framework in Embed Frameworks */,
				22355D772B8E57F6002326F8 /* EssentialFeediOS.framework in Embed Frameworks */,
			);
			name = "Embed Frameworks";
			runOnlyForDeploymentPostprocessing = 0;
		};
/* End PBXCopyFilesBuildPhase section */

/* Begin PBXFileReference section */
		22355D722B8E57F6002326F8 /* EssentialFeed.framework */ = {isa = PBXFileReference; explicitFileType = wrapper.framework; path = EssentialFeed.framework; sourceTree = BUILT_PRODUCTS_DIR; };
		22355D732B8E57F6002326F8 /* EssentialFeediOS.framework */ = {isa = PBXFileReference; explicitFileType = wrapper.framework; path = EssentialFeediOS.framework; sourceTree = BUILT_PRODUCTS_DIR; };
		22355D792B8E5E39002326F8 /* FeedLoaderWithFallbackCompositeTests.swift */ = {isa = PBXFileReference; lastKnownFileType = sourcecode.swift; path = FeedLoaderWithFallbackCompositeTests.swift; sourceTree = "<group>"; };
		22355D7B2B8E6138002326F8 /* FeedLoaderWithFallbackComposite.swift */ = {isa = PBXFileReference; lastKnownFileType = sourcecode.swift; path = FeedLoaderWithFallbackComposite.swift; sourceTree = "<group>"; };
		22355D7D2B8E6193002326F8 /* FeedImageDataLoaderWithFallbackCompositeTests.swift */ = {isa = PBXFileReference; lastKnownFileType = sourcecode.swift; path = FeedImageDataLoaderWithFallbackCompositeTests.swift; sourceTree = "<group>"; };
		22355D7F2B8E673F002326F8 /* FeedImageDataLoaderWithFallbackComposite.swift */ = {isa = PBXFileReference; lastKnownFileType = sourcecode.swift; path = FeedImageDataLoaderWithFallbackComposite.swift; sourceTree = "<group>"; };
		22355D822B8E682F002326F8 /* XCTestCase+MemoryLeakTracking.swift */ = {isa = PBXFileReference; lastKnownFileType = sourcecode.swift; path = "XCTestCase+MemoryLeakTracking.swift"; sourceTree = "<group>"; };
		22355D842B8E6863002326F8 /* SharedTestHelpers.swift */ = {isa = PBXFileReference; lastKnownFileType = sourcecode.swift; path = SharedTestHelpers.swift; sourceTree = "<group>"; };
		2298FA592B90F3ED00F52AB0 /* SceneDelegateTests.swift */ = {isa = PBXFileReference; lastKnownFileType = sourcecode.swift; path = SceneDelegateTests.swift; sourceTree = "<group>"; };
		2298FA5B2B90F44E00F52AB0 /* FeedLoaderPresentationAdapter.swift */ = {isa = PBXFileReference; lastKnownFileType = sourcecode.swift; path = FeedLoaderPresentationAdapter.swift; sourceTree = "<group>"; };
		2298FA5C2B90F44E00F52AB0 /* MainQueueDispatchDecorator.swift */ = {isa = PBXFileReference; lastKnownFileType = sourcecode.swift; path = MainQueueDispatchDecorator.swift; sourceTree = "<group>"; };
		2298FA5D2B90F44E00F52AB0 /* FeedViewAdapter.swift */ = {isa = PBXFileReference; lastKnownFileType = sourcecode.swift; path = FeedViewAdapter.swift; sourceTree = "<group>"; };
		2298FA5E2B90F44E00F52AB0 /* FeedImageDataLoaderPresentationAdapter.swift */ = {isa = PBXFileReference; lastKnownFileType = sourcecode.swift; path = FeedImageDataLoaderPresentationAdapter.swift; sourceTree = "<group>"; };
		2298FA5F2B90F44E00F52AB0 /* WeakRefVirtualProxy.swift */ = {isa = PBXFileReference; lastKnownFileType = sourcecode.swift; path = WeakRefVirtualProxy.swift; sourceTree = "<group>"; };
		2298FA602B90F44E00F52AB0 /* FeedUIComposer.swift */ = {isa = PBXFileReference; lastKnownFileType = sourcecode.swift; path = FeedUIComposer.swift; sourceTree = "<group>"; };
		2298FA672B90F49C00F52AB0 /* UIRefreshControl+TestHelpers.swift */ = {isa = PBXFileReference; lastKnownFileType = sourcecode.swift; path = "UIRefreshControl+TestHelpers.swift"; sourceTree = "<group>"; };
		2298FA682B90F49C00F52AB0 /* UIButton+TestHelpers.swift */ = {isa = PBXFileReference; lastKnownFileType = sourcecode.swift; path = "UIButton+TestHelpers.swift"; sourceTree = "<group>"; };
		2298FA692B90F49C00F52AB0 /* FeedUIIntegrationTests+Localizations.swift */ = {isa = PBXFileReference; lastKnownFileType = sourcecode.swift; path = "FeedUIIntegrationTests+Localizations.swift"; sourceTree = "<group>"; };
		2298FA6A2B90F49C00F52AB0 /* UIControl+TestHelpers.swift */ = {isa = PBXFileReference; lastKnownFileType = sourcecode.swift; path = "UIControl+TestHelpers.swift"; sourceTree = "<group>"; };
		2298FA6B2B90F49C00F52AB0 /* FeedViewControllerTests+LoaderSpy.swift */ = {isa = PBXFileReference; lastKnownFileType = sourcecode.swift; path = "FeedViewControllerTests+LoaderSpy.swift"; sourceTree = "<group>"; };
		2298FA6C2B90F49C00F52AB0 /* UIImage+TestHelpers.swift */ = {isa = PBXFileReference; lastKnownFileType = sourcecode.swift; path = "UIImage+TestHelpers.swift"; sourceTree = "<group>"; };
		2298FA6D2B90F49C00F52AB0 /* FeedViewController+TestHelpers.swift */ = {isa = PBXFileReference; lastKnownFileType = sourcecode.swift; path = "FeedViewController+TestHelpers.swift"; sourceTree = "<group>"; };
		2298FA6E2B90F49C00F52AB0 /* FeedImageCell+TestHelpers.swift */ = {isa = PBXFileReference; lastKnownFileType = sourcecode.swift; path = "FeedImageCell+TestHelpers.swift"; sourceTree = "<group>"; };
		2298FA6F2B90F49C00F52AB0 /* FeedViewControllerTests+Assertions.swift */ = {isa = PBXFileReference; lastKnownFileType = sourcecode.swift; path = "FeedViewControllerTests+Assertions.swift"; sourceTree = "<group>"; };
		2298FA7B2B90FA2D00F52AB0 /* FeedUIIntegrationTests.swift */ = {isa = PBXFileReference; lastKnownFileType = sourcecode.swift; path = FeedUIIntegrationTests.swift; sourceTree = "<group>"; };
		2298FA7F2B91000A00F52AB0 /* FeedAcceptanceTests.swift */ = {isa = PBXFileReference; lastKnownFileType = sourcecode.swift; path = FeedAcceptanceTests.swift; sourceTree = "<group>"; };
		229FD3D42B8F799000B17A34 /* FeedLoaderCacheDecoratorTests.swift */ = {isa = PBXFileReference; lastKnownFileType = sourcecode.swift; path = FeedLoaderCacheDecoratorTests.swift; sourceTree = "<group>"; };
		229FD3D62B8F79FD00B17A34 /* FeedLoaderStub.swift */ = {isa = PBXFileReference; lastKnownFileType = sourcecode.swift; path = FeedLoaderStub.swift; sourceTree = "<group>"; };
		229FD3D82B8F7D0800B17A34 /* XCTestCase+FeedLoader.swift */ = {isa = PBXFileReference; lastKnownFileType = sourcecode.swift; path = "XCTestCase+FeedLoader.swift"; sourceTree = "<group>"; };
		229FD3DA2B8F950500B17A34 /* FeedLoaderCacheDecorator.swift */ = {isa = PBXFileReference; lastKnownFileType = sourcecode.swift; path = FeedLoaderCacheDecorator.swift; sourceTree = "<group>"; };
		229FD3DC2B8F95DA00B17A34 /* FeedImageDataLoaderCacheDecoratorTests.swift */ = {isa = PBXFileReference; lastKnownFileType = sourcecode.swift; path = FeedImageDataLoaderCacheDecoratorTests.swift; sourceTree = "<group>"; };
		229FD3DE2B8F961000B17A34 /* FeedImageDataLoaderSpy.swift */ = {isa = PBXFileReference; lastKnownFileType = sourcecode.swift; path = FeedImageDataLoaderSpy.swift; sourceTree = "<group>"; };
		229FD3E02B8F972200B17A34 /* XCTestCase+FeedImageDataLoader.swift */ = {isa = PBXFileReference; lastKnownFileType = sourcecode.swift; path = "XCTestCase+FeedImageDataLoader.swift"; sourceTree = "<group>"; };
		229FD3E22B8F993400B17A34 /* FeedImageDataLoaderCacheDecorator.swift */ = {isa = PBXFileReference; lastKnownFileType = sourcecode.swift; path = FeedImageDataLoaderCacheDecorator.swift; sourceTree = "<group>"; };
		22EEAFBB2B8E527C0068E359 /* EssentialApp.app */ = {isa = PBXFileReference; explicitFileType = wrapper.application; includeInIndex = 0; path = EssentialApp.app; sourceTree = BUILT_PRODUCTS_DIR; };
		22EEAFBE2B8E527C0068E359 /* AppDelegate.swift */ = {isa = PBXFileReference; lastKnownFileType = sourcecode.swift; path = AppDelegate.swift; sourceTree = "<group>"; };
		22EEAFC02B8E527C0068E359 /* SceneDelegate.swift */ = {isa = PBXFileReference; lastKnownFileType = sourcecode.swift; path = SceneDelegate.swift; sourceTree = "<group>"; };
		22EEAFC22B8E527C0068E359 /* ViewController.swift */ = {isa = PBXFileReference; lastKnownFileType = sourcecode.swift; path = ViewController.swift; sourceTree = "<group>"; };
		22EEAFC52B8E527C0068E359 /* Base */ = {isa = PBXFileReference; lastKnownFileType = file.storyboard; name = Base; path = Base.lproj/Main.storyboard; sourceTree = "<group>"; };
		22EEAFC72B8E527D0068E359 /* Assets.xcassets */ = {isa = PBXFileReference; lastKnownFileType = folder.assetcatalog; path = Assets.xcassets; sourceTree = "<group>"; };
		22EEAFCA2B8E527D0068E359 /* Base */ = {isa = PBXFileReference; lastKnownFileType = file.storyboard; name = Base; path = Base.lproj/LaunchScreen.storyboard; sourceTree = "<group>"; };
		22EEAFCC2B8E527D0068E359 /* Info.plist */ = {isa = PBXFileReference; lastKnownFileType = text.plist.xml; path = Info.plist; sourceTree = "<group>"; };
		22EEAFD12B8E527D0068E359 /* EssentialAppTests.xctest */ = {isa = PBXFileReference; explicitFileType = wrapper.cfbundle; includeInIndex = 0; path = EssentialAppTests.xctest; sourceTree = BUILT_PRODUCTS_DIR; };
/* End PBXFileReference section */

/* Begin PBXFrameworksBuildPhase section */
		22EEAFB82B8E527C0068E359 /* Frameworks */ = {
			isa = PBXFrameworksBuildPhase;
			buildActionMask = 2147483647;
			files = (
				22355D742B8E57F6002326F8 /* EssentialFeed.framework in Frameworks */,
				22355D762B8E57F6002326F8 /* EssentialFeediOS.framework in Frameworks */,
			);
			runOnlyForDeploymentPostprocessing = 0;
		};
		22EEAFCE2B8E527D0068E359 /* Frameworks */ = {
			isa = PBXFrameworksBuildPhase;
			buildActionMask = 2147483647;
			files = (
			);
			runOnlyForDeploymentPostprocessing = 0;
		};
/* End PBXFrameworksBuildPhase section */

/* Begin PBXGroup section */
		22355D712B8E57F6002326F8 /* Frameworks */ = {
			isa = PBXGroup;
			children = (
				22355D722B8E57F6002326F8 /* EssentialFeed.framework */,
				22355D732B8E57F6002326F8 /* EssentialFeediOS.framework */,
			);
			name = Frameworks;
			sourceTree = "<group>";
		};
		22355D812B8E681A002326F8 /* Helpers */ = {
			isa = PBXGroup;
			children = (
				2298FA682B90F49C00F52AB0 /* UIButton+TestHelpers.swift */,
				2298FA6A2B90F49C00F52AB0 /* UIControl+TestHelpers.swift */,
				2298FA6C2B90F49C00F52AB0 /* UIImage+TestHelpers.swift */,
				2298FA672B90F49C00F52AB0 /* UIRefreshControl+TestHelpers.swift */,
				2298FA6E2B90F49C00F52AB0 /* FeedImageCell+TestHelpers.swift */,
				2298FA6D2B90F49C00F52AB0 /* FeedViewController+TestHelpers.swift */,
				2298FA6F2B90F49C00F52AB0 /* FeedViewControllerTests+Assertions.swift */,
				2298FA6B2B90F49C00F52AB0 /* FeedViewControllerTests+LoaderSpy.swift */,
				2298FA692B90F49C00F52AB0 /* FeedUIIntegrationTests+Localizations.swift */,
				22355D822B8E682F002326F8 /* XCTestCase+MemoryLeakTracking.swift */,
				22355D842B8E6863002326F8 /* SharedTestHelpers.swift */,
				229FD3D62B8F79FD00B17A34 /* FeedLoaderStub.swift */,
				229FD3D82B8F7D0800B17A34 /* XCTestCase+FeedLoader.swift */,
				229FD3DE2B8F961000B17A34 /* FeedImageDataLoaderSpy.swift */,
				229FD3E02B8F972200B17A34 /* XCTestCase+FeedImageDataLoader.swift */,
			);
			path = Helpers;
			sourceTree = "<group>";
		};
		22EEAFB22B8E527C0068E359 = {
			isa = PBXGroup;
			children = (
				22EEAFBD2B8E527C0068E359 /* EssentialApp */,
				22EEAFD42B8E527D0068E359 /* EssentialAppTests */,
				22EEAFBC2B8E527C0068E359 /* Products */,
				22355D712B8E57F6002326F8 /* Frameworks */,
			);
			sourceTree = "<group>";
		};
		22EEAFBC2B8E527C0068E359 /* Products */ = {
			isa = PBXGroup;
			children = (
				22EEAFBB2B8E527C0068E359 /* EssentialApp.app */,
				22EEAFD12B8E527D0068E359 /* EssentialAppTests.xctest */,
			);
			name = Products;
			sourceTree = "<group>";
		};
		22EEAFBD2B8E527C0068E359 /* EssentialApp */ = {
			isa = PBXGroup;
			children = (
				2298FA602B90F44E00F52AB0 /* FeedUIComposer.swift */,
				2298FA5F2B90F44E00F52AB0 /* WeakRefVirtualProxy.swift */,
				2298FA5C2B90F44E00F52AB0 /* MainQueueDispatchDecorator.swift */,
				2298FA5D2B90F44E00F52AB0 /* FeedViewAdapter.swift */,
				2298FA5B2B90F44E00F52AB0 /* FeedLoaderPresentationAdapter.swift */,
				2298FA5E2B90F44E00F52AB0 /* FeedImageDataLoaderPresentationAdapter.swift */,
				22EEAFBE2B8E527C0068E359 /* AppDelegate.swift */,
				22EEAFC02B8E527C0068E359 /* SceneDelegate.swift */,
				22EEAFC22B8E527C0068E359 /* ViewController.swift */,
				22EEAFC42B8E527C0068E359 /* Main.storyboard */,
				22EEAFC72B8E527D0068E359 /* Assets.xcassets */,
				22EEAFC92B8E527D0068E359 /* LaunchScreen.storyboard */,
				22EEAFCC2B8E527D0068E359 /* Info.plist */,
				22355D7B2B8E6138002326F8 /* FeedLoaderWithFallbackComposite.swift */,
				22355D7F2B8E673F002326F8 /* FeedImageDataLoaderWithFallbackComposite.swift */,
				229FD3DA2B8F950500B17A34 /* FeedLoaderCacheDecorator.swift */,
				229FD3E22B8F993400B17A34 /* FeedImageDataLoaderCacheDecorator.swift */,
			);
			path = EssentialApp;
			sourceTree = "<group>";
		};
		22EEAFD42B8E527D0068E359 /* EssentialAppTests */ = {
			isa = PBXGroup;
			children = (
				22355D812B8E681A002326F8 /* Helpers */,
				22355D792B8E5E39002326F8 /* FeedLoaderWithFallbackCompositeTests.swift */,
				2298FA7B2B90FA2D00F52AB0 /* FeedUIIntegrationTests.swift */,
				22355D7D2B8E6193002326F8 /* FeedImageDataLoaderWithFallbackCompositeTests.swift */,
				229FD3D42B8F799000B17A34 /* FeedLoaderCacheDecoratorTests.swift */,
				229FD3DC2B8F95DA00B17A34 /* FeedImageDataLoaderCacheDecoratorTests.swift */,
				2298FA592B90F3ED00F52AB0 /* SceneDelegateTests.swift */,
				2298FA7F2B91000A00F52AB0 /* FeedAcceptanceTests.swift */,
			);
			path = EssentialAppTests;
			sourceTree = "<group>";
		};
/* End PBXGroup section */

/* Begin PBXNativeTarget section */
		22EEAFBA2B8E527C0068E359 /* EssentialApp */ = {
			isa = PBXNativeTarget;
			buildConfigurationList = 22EEAFE52B8E527D0068E359 /* Build configuration list for PBXNativeTarget "EssentialApp" */;
			buildPhases = (
				22EEAFB72B8E527C0068E359 /* Sources */,
				22EEAFB82B8E527C0068E359 /* Frameworks */,
				22EEAFB92B8E527C0068E359 /* Resources */,
				22355D782B8E57F6002326F8 /* Embed Frameworks */,
			);
			buildRules = (
			);
			dependencies = (
			);
			name = EssentialApp;
			productName = EssentialApp;
			productReference = 22EEAFBB2B8E527C0068E359 /* EssentialApp.app */;
			productType = "com.apple.product-type.application";
		};
		22EEAFD02B8E527D0068E359 /* EssentialAppTests */ = {
			isa = PBXNativeTarget;
			buildConfigurationList = 22EEAFE82B8E527D0068E359 /* Build configuration list for PBXNativeTarget "EssentialAppTests" */;
			buildPhases = (
				22EEAFCD2B8E527D0068E359 /* Sources */,
				22EEAFCE2B8E527D0068E359 /* Frameworks */,
				22EEAFCF2B8E527D0068E359 /* Resources */,
			);
			buildRules = (
			);
			dependencies = (
				22EEAFD32B8E527D0068E359 /* PBXTargetDependency */,
			);
			name = EssentialAppTests;
			productName = EssentialAppTests;
			productReference = 22EEAFD12B8E527D0068E359 /* EssentialAppTests.xctest */;
			productType = "com.apple.product-type.bundle.unit-test";
		};
/* End PBXNativeTarget section */

/* Begin PBXProject section */
		22EEAFB32B8E527C0068E359 /* Project object */ = {
			isa = PBXProject;
			attributes = {
				BuildIndependentTargetsInParallel = 1;
				LastSwiftUpdateCheck = 1510;
				LastUpgradeCheck = 1510;
				TargetAttributes = {
					22EEAFBA2B8E527C0068E359 = {
						CreatedOnToolsVersion = 15.1;
					};
					22EEAFD02B8E527D0068E359 = {
						CreatedOnToolsVersion = 15.1;
						LastSwiftMigration = 1510;
						TestTargetID = 22EEAFBA2B8E527C0068E359;
					};
				};
			};
			buildConfigurationList = 22EEAFB62B8E527C0068E359 /* Build configuration list for PBXProject "EssentialApp" */;
			compatibilityVersion = "Xcode 14.0";
			developmentRegion = en;
			hasScannedForEncodings = 0;
			knownRegions = (
				en,
				Base,
			);
			mainGroup = 22EEAFB22B8E527C0068E359;
			productRefGroup = 22EEAFBC2B8E527C0068E359 /* Products */;
			projectDirPath = "";
			projectRoot = "";
			targets = (
				22EEAFBA2B8E527C0068E359 /* EssentialApp */,
				22EEAFD02B8E527D0068E359 /* EssentialAppTests */,
			);
		};
/* End PBXProject section */

/* Begin PBXResourcesBuildPhase section */
		22EEAFB92B8E527C0068E359 /* Resources */ = {
			isa = PBXResourcesBuildPhase;
			buildActionMask = 2147483647;
			files = (
				22EEAFCB2B8E527D0068E359 /* LaunchScreen.storyboard in Resources */,
				22EEAFC82B8E527D0068E359 /* Assets.xcassets in Resources */,
				22EEAFC62B8E527C0068E359 /* Main.storyboard in Resources */,
			);
			runOnlyForDeploymentPostprocessing = 0;
		};
		22EEAFCF2B8E527D0068E359 /* Resources */ = {
			isa = PBXResourcesBuildPhase;
			buildActionMask = 2147483647;
			files = (
			);
			runOnlyForDeploymentPostprocessing = 0;
		};
/* End PBXResourcesBuildPhase section */

/* Begin PBXSourcesBuildPhase section */
		22EEAFB72B8E527C0068E359 /* Sources */ = {
			isa = PBXSourcesBuildPhase;
			buildActionMask = 2147483647;
			files = (
				2298FA632B90F44E00F52AB0 /* FeedLoaderPresentationAdapter.swift in Sources */,
				22EEAFC32B8E527C0068E359 /* ViewController.swift in Sources */,
				22EEAFBF2B8E527C0068E359 /* AppDelegate.swift in Sources */,
				22355D7C2B8E6138002326F8 /* FeedLoaderWithFallbackComposite.swift in Sources */,
				229FD3DB2B8F950500B17A34 /* FeedLoaderCacheDecorator.swift in Sources */,
				2298FA652B90F44E00F52AB0 /* MainQueueDispatchDecorator.swift in Sources */,
				2298FA622B90F44E00F52AB0 /* FeedViewAdapter.swift in Sources */,
				22EEAFC12B8E527C0068E359 /* SceneDelegate.swift in Sources */,
				2298FA612B90F44E00F52AB0 /* FeedImageDataLoaderPresentationAdapter.swift in Sources */,
				22355D802B8E673F002326F8 /* FeedImageDataLoaderWithFallbackComposite.swift in Sources */,
				2298FA642B90F44E00F52AB0 /* WeakRefVirtualProxy.swift in Sources */,
				229FD3E32B8F993400B17A34 /* FeedImageDataLoaderCacheDecorator.swift in Sources */,
				2298FA662B90F44E00F52AB0 /* FeedUIComposer.swift in Sources */,
			);
			runOnlyForDeploymentPostprocessing = 0;
		};
		22EEAFCD2B8E527D0068E359 /* Sources */ = {
			isa = PBXSourcesBuildPhase;
			buildActionMask = 2147483647;
			files = (
				22355D852B8E6863002326F8 /* SharedTestHelpers.swift in Sources */,
				2298FA782B90F49C00F52AB0 /* UIButton+TestHelpers.swift in Sources */,
				2298FA712B90F49C00F52AB0 /* FeedUIIntegrationTests+Localizations.swift in Sources */,
				229FD3DD2B8F95DA00B17A34 /* FeedImageDataLoaderCacheDecoratorTests.swift in Sources */,
				2298FA742B90F49C00F52AB0 /* UIControl+TestHelpers.swift in Sources */,
				229FD3D92B8F7D0800B17A34 /* XCTestCase+FeedLoader.swift in Sources */,
				2298FA722B90F49C00F52AB0 /* FeedViewController+TestHelpers.swift in Sources */,
				2298FA702B90F49C00F52AB0 /* FeedViewControllerTests+Assertions.swift in Sources */,
				2298FA7C2B90FA2D00F52AB0 /* FeedUIIntegrationTests.swift in Sources */,
				229FD3E12B8F972200B17A34 /* XCTestCase+FeedImageDataLoader.swift in Sources */,
				2298FA732B90F49C00F52AB0 /* FeedViewControllerTests+LoaderSpy.swift in Sources */,
				2298FA752B90F49C00F52AB0 /* UIImage+TestHelpers.swift in Sources */,
				2298FA5A2B90F3ED00F52AB0 /* SceneDelegateTests.swift in Sources */,
				2298FA772B90F49C00F52AB0 /* FeedImageCell+TestHelpers.swift in Sources */,
				229FD3D52B8F799000B17A34 /* FeedLoaderCacheDecoratorTests.swift in Sources */,
				229FD3DF2B8F961000B17A34 /* FeedImageDataLoaderSpy.swift in Sources */,
				2298FA762B90F49C00F52AB0 /* UIRefreshControl+TestHelpers.swift in Sources */,
				22355D7E2B8E6193002326F8 /* FeedImageDataLoaderWithFallbackCompositeTests.swift in Sources */,
				2298FA802B91000A00F52AB0 /* FeedAcceptanceTests.swift in Sources */,
				22355D7A2B8E5E39002326F8 /* FeedLoaderWithFallbackCompositeTests.swift in Sources */,
				229FD3D72B8F79FD00B17A34 /* FeedLoaderStub.swift in Sources */,
				22355D832B8E682F002326F8 /* XCTestCase+MemoryLeakTracking.swift in Sources */,
			);
			runOnlyForDeploymentPostprocessing = 0;
		};
/* End PBXSourcesBuildPhase section */

/* Begin PBXTargetDependency section */
		22EEAFD32B8E527D0068E359 /* PBXTargetDependency */ = {
			isa = PBXTargetDependency;
			target = 22EEAFBA2B8E527C0068E359 /* EssentialApp */;
			targetProxy = 22EEAFD22B8E527D0068E359 /* PBXContainerItemProxy */;
		};
/* End PBXTargetDependency section */

/* Begin PBXVariantGroup section */
		22EEAFC42B8E527C0068E359 /* Main.storyboard */ = {
			isa = PBXVariantGroup;
			children = (
				22EEAFC52B8E527C0068E359 /* Base */,
			);
			name = Main.storyboard;
			sourceTree = "<group>";
		};
		22EEAFC92B8E527D0068E359 /* LaunchScreen.storyboard */ = {
			isa = PBXVariantGroup;
			children = (
				22EEAFCA2B8E527D0068E359 /* Base */,
			);
			name = LaunchScreen.storyboard;
			sourceTree = "<group>";
		};
/* End PBXVariantGroup section */

/* Begin XCBuildConfiguration section */
		22EEAFE32B8E527D0068E359 /* Debug */ = {
			isa = XCBuildConfiguration;
			buildSettings = {
				ALWAYS_SEARCH_USER_PATHS = NO;
				ASSETCATALOG_COMPILER_GENERATE_SWIFT_ASSET_SYMBOL_EXTENSIONS = YES;
				CLANG_ANALYZER_NONNULL = YES;
				CLANG_ANALYZER_NUMBER_OBJECT_CONVERSION = YES_AGGRESSIVE;
				CLANG_CXX_LANGUAGE_STANDARD = "gnu++20";
				CLANG_ENABLE_MODULES = YES;
				CLANG_ENABLE_OBJC_ARC = YES;
				CLANG_ENABLE_OBJC_WEAK = YES;
				CLANG_WARN_BLOCK_CAPTURE_AUTORELEASING = YES;
				CLANG_WARN_BOOL_CONVERSION = YES;
				CLANG_WARN_COMMA = YES;
				CLANG_WARN_CONSTANT_CONVERSION = YES;
				CLANG_WARN_DEPRECATED_OBJC_IMPLEMENTATIONS = YES;
				CLANG_WARN_DIRECT_OBJC_ISA_USAGE = YES_ERROR;
				CLANG_WARN_DOCUMENTATION_COMMENTS = YES;
				CLANG_WARN_EMPTY_BODY = YES;
				CLANG_WARN_ENUM_CONVERSION = YES;
				CLANG_WARN_INFINITE_RECURSION = YES;
				CLANG_WARN_INT_CONVERSION = YES;
				CLANG_WARN_NON_LITERAL_NULL_CONVERSION = YES;
				CLANG_WARN_OBJC_IMPLICIT_RETAIN_SELF = YES;
				CLANG_WARN_OBJC_LITERAL_CONVERSION = YES;
				CLANG_WARN_OBJC_ROOT_CLASS = YES_ERROR;
				CLANG_WARN_QUOTED_INCLUDE_IN_FRAMEWORK_HEADER = YES;
				CLANG_WARN_RANGE_LOOP_ANALYSIS = YES;
				CLANG_WARN_STRICT_PROTOTYPES = YES;
				CLANG_WARN_SUSPICIOUS_MOVE = YES;
				CLANG_WARN_UNGUARDED_AVAILABILITY = YES_AGGRESSIVE;
				CLANG_WARN_UNREACHABLE_CODE = YES;
				CLANG_WARN__DUPLICATE_METHOD_MATCH = YES;
				COPY_PHASE_STRIP = NO;
				DEBUG_INFORMATION_FORMAT = dwarf;
				ENABLE_STRICT_OBJC_MSGSEND = YES;
				ENABLE_TESTABILITY = YES;
				ENABLE_USER_SCRIPT_SANDBOXING = YES;
				GCC_C_LANGUAGE_STANDARD = gnu17;
				GCC_DYNAMIC_NO_PIC = NO;
				GCC_NO_COMMON_BLOCKS = YES;
				GCC_OPTIMIZATION_LEVEL = 0;
				GCC_PREPROCESSOR_DEFINITIONS = (
					"DEBUG=1",
					"$(inherited)",
				);
				GCC_WARN_64_TO_32_BIT_CONVERSION = YES;
				GCC_WARN_ABOUT_RETURN_TYPE = YES_ERROR;
				GCC_WARN_UNDECLARED_SELECTOR = YES;
				GCC_WARN_UNINITIALIZED_AUTOS = YES_AGGRESSIVE;
				GCC_WARN_UNUSED_FUNCTION = YES;
				GCC_WARN_UNUSED_VARIABLE = YES;
				IPHONEOS_DEPLOYMENT_TARGET = 17.0;
				LOCALIZATION_PREFERS_STRING_CATALOGS = YES;
				MTL_ENABLE_DEBUG_INFO = INCLUDE_SOURCE;
				MTL_FAST_MATH = YES;
				ONLY_ACTIVE_ARCH = YES;
				SDKROOT = iphoneos;
				SWIFT_ACTIVE_COMPILATION_CONDITIONS = "DEBUG $(inherited)";
				SWIFT_OPTIMIZATION_LEVEL = "-Onone";
			};
			name = Debug;
		};
		22EEAFE42B8E527D0068E359 /* Release */ = {
			isa = XCBuildConfiguration;
			buildSettings = {
				ALWAYS_SEARCH_USER_PATHS = NO;
				ASSETCATALOG_COMPILER_GENERATE_SWIFT_ASSET_SYMBOL_EXTENSIONS = YES;
				CLANG_ANALYZER_NONNULL = YES;
				CLANG_ANALYZER_NUMBER_OBJECT_CONVERSION = YES_AGGRESSIVE;
				CLANG_CXX_LANGUAGE_STANDARD = "gnu++20";
				CLANG_ENABLE_MODULES = YES;
				CLANG_ENABLE_OBJC_ARC = YES;
				CLANG_ENABLE_OBJC_WEAK = YES;
				CLANG_WARN_BLOCK_CAPTURE_AUTORELEASING = YES;
				CLANG_WARN_BOOL_CONVERSION = YES;
				CLANG_WARN_COMMA = YES;
				CLANG_WARN_CONSTANT_CONVERSION = YES;
				CLANG_WARN_DEPRECATED_OBJC_IMPLEMENTATIONS = YES;
				CLANG_WARN_DIRECT_OBJC_ISA_USAGE = YES_ERROR;
				CLANG_WARN_DOCUMENTATION_COMMENTS = YES;
				CLANG_WARN_EMPTY_BODY = YES;
				CLANG_WARN_ENUM_CONVERSION = YES;
				CLANG_WARN_INFINITE_RECURSION = YES;
				CLANG_WARN_INT_CONVERSION = YES;
				CLANG_WARN_NON_LITERAL_NULL_CONVERSION = YES;
				CLANG_WARN_OBJC_IMPLICIT_RETAIN_SELF = YES;
				CLANG_WARN_OBJC_LITERAL_CONVERSION = YES;
				CLANG_WARN_OBJC_ROOT_CLASS = YES_ERROR;
				CLANG_WARN_QUOTED_INCLUDE_IN_FRAMEWORK_HEADER = YES;
				CLANG_WARN_RANGE_LOOP_ANALYSIS = YES;
				CLANG_WARN_STRICT_PROTOTYPES = YES;
				CLANG_WARN_SUSPICIOUS_MOVE = YES;
				CLANG_WARN_UNGUARDED_AVAILABILITY = YES_AGGRESSIVE;
				CLANG_WARN_UNREACHABLE_CODE = YES;
				CLANG_WARN__DUPLICATE_METHOD_MATCH = YES;
				COPY_PHASE_STRIP = NO;
				DEBUG_INFORMATION_FORMAT = "dwarf-with-dsym";
				ENABLE_NS_ASSERTIONS = NO;
				ENABLE_STRICT_OBJC_MSGSEND = YES;
				ENABLE_USER_SCRIPT_SANDBOXING = YES;
				GCC_C_LANGUAGE_STANDARD = gnu17;
				GCC_NO_COMMON_BLOCKS = YES;
				GCC_WARN_64_TO_32_BIT_CONVERSION = YES;
				GCC_WARN_ABOUT_RETURN_TYPE = YES_ERROR;
				GCC_WARN_UNDECLARED_SELECTOR = YES;
				GCC_WARN_UNINITIALIZED_AUTOS = YES_AGGRESSIVE;
				GCC_WARN_UNUSED_FUNCTION = YES;
				GCC_WARN_UNUSED_VARIABLE = YES;
				IPHONEOS_DEPLOYMENT_TARGET = 17.0;
				LOCALIZATION_PREFERS_STRING_CATALOGS = YES;
				MTL_ENABLE_DEBUG_INFO = NO;
				MTL_FAST_MATH = YES;
				SDKROOT = iphoneos;
				SWIFT_COMPILATION_MODE = wholemodule;
				VALIDATE_PRODUCT = YES;
			};
			name = Release;
		};
		22EEAFE62B8E527D0068E359 /* Debug */ = {
			isa = XCBuildConfiguration;
			buildSettings = {
				ASSETCATALOG_COMPILER_APPICON_NAME = AppIcon;
				ASSETCATALOG_COMPILER_GLOBAL_ACCENT_COLOR_NAME = AccentColor;
				CODE_SIGN_STYLE = Automatic;
				CURRENT_PROJECT_VERSION = 1;
				GENERATE_INFOPLIST_FILE = YES;
				INFOPLIST_FILE = EssentialApp/Info.plist;
				INFOPLIST_KEY_UIApplicationSupportsIndirectInputEvents = YES;
				INFOPLIST_KEY_UILaunchStoryboardName = LaunchScreen;
				INFOPLIST_KEY_UIMainStoryboardFile = Main;
				INFOPLIST_KEY_UISupportedInterfaceOrientations_iPad = "UIInterfaceOrientationPortrait UIInterfaceOrientationPortraitUpsideDown UIInterfaceOrientationLandscapeLeft UIInterfaceOrientationLandscapeRight";
				INFOPLIST_KEY_UISupportedInterfaceOrientations_iPhone = "UIInterfaceOrientationPortrait UIInterfaceOrientationLandscapeLeft UIInterfaceOrientationLandscapeRight";
				LD_RUNPATH_SEARCH_PATHS = (
					"$(inherited)",
					"@executable_path/Frameworks",
				);
				MARKETING_VERSION = 1.0;
				PRODUCT_BUNDLE_IDENTIFIER = com.practice.EssentialApp;
				PRODUCT_NAME = "$(TARGET_NAME)";
				SWIFT_EMIT_LOC_STRINGS = YES;
				SWIFT_VERSION = 5.0;
				TARGETED_DEVICE_FAMILY = "1,2";
			};
			name = Debug;
		};
		22EEAFE72B8E527D0068E359 /* Release */ = {
			isa = XCBuildConfiguration;
			buildSettings = {
				ASSETCATALOG_COMPILER_APPICON_NAME = AppIcon;
				ASSETCATALOG_COMPILER_GLOBAL_ACCENT_COLOR_NAME = AccentColor;
				CODE_SIGN_STYLE = Automatic;
				CURRENT_PROJECT_VERSION = 1;
				GENERATE_INFOPLIST_FILE = YES;
				INFOPLIST_FILE = EssentialApp/Info.plist;
				INFOPLIST_KEY_UIApplicationSupportsIndirectInputEvents = YES;
				INFOPLIST_KEY_UILaunchStoryboardName = LaunchScreen;
				INFOPLIST_KEY_UIMainStoryboardFile = Main;
				INFOPLIST_KEY_UISupportedInterfaceOrientations_iPad = "UIInterfaceOrientationPortrait UIInterfaceOrientationPortraitUpsideDown UIInterfaceOrientationLandscapeLeft UIInterfaceOrientationLandscapeRight";
				INFOPLIST_KEY_UISupportedInterfaceOrientations_iPhone = "UIInterfaceOrientationPortrait UIInterfaceOrientationLandscapeLeft UIInterfaceOrientationLandscapeRight";
				LD_RUNPATH_SEARCH_PATHS = (
					"$(inherited)",
					"@executable_path/Frameworks",
				);
				MARKETING_VERSION = 1.0;
				PRODUCT_BUNDLE_IDENTIFIER = com.practice.EssentialApp;
				PRODUCT_NAME = "$(TARGET_NAME)";
				SWIFT_EMIT_LOC_STRINGS = YES;
				SWIFT_VERSION = 5.0;
				TARGETED_DEVICE_FAMILY = "1,2";
			};
			name = Release;
		};
		22EEAFE92B8E527D0068E359 /* Debug */ = {
			isa = XCBuildConfiguration;
			buildSettings = {
				ALWAYS_EMBED_SWIFT_STANDARD_LIBRARIES = YES;
				BUNDLE_LOADER = "$(TEST_HOST)";
				CLANG_ENABLE_MODULES = YES;
				CODE_SIGN_STYLE = Automatic;
				CURRENT_PROJECT_VERSION = 1;
				GENERATE_INFOPLIST_FILE = YES;
				IPHONEOS_DEPLOYMENT_TARGET = 17.0;
				MARKETING_VERSION = 1.0;
				PRODUCT_BUNDLE_IDENTIFIER = com.practice.EssentialAppTests;
				PRODUCT_NAME = "$(TARGET_NAME)";
				SWIFT_EMIT_LOC_STRINGS = NO;
				SWIFT_OPTIMIZATION_LEVEL = "-Onone";
				SWIFT_VERSION = 5.0;
				TARGETED_DEVICE_FAMILY = "1,2";
				TEST_HOST = "$(BUILT_PRODUCTS_DIR)/EssentialApp.app/$(BUNDLE_EXECUTABLE_FOLDER_PATH)/EssentialApp";
			};
			name = Debug;
		};
		22EEAFEA2B8E527D0068E359 /* Release */ = {
			isa = XCBuildConfiguration;
			buildSettings = {
				ALWAYS_EMBED_SWIFT_STANDARD_LIBRARIES = YES;
				BUNDLE_LOADER = "$(TEST_HOST)";
				CLANG_ENABLE_MODULES = YES;
				CODE_SIGN_STYLE = Automatic;
				CURRENT_PROJECT_VERSION = 1;
				GENERATE_INFOPLIST_FILE = YES;
				IPHONEOS_DEPLOYMENT_TARGET = 17.0;
				MARKETING_VERSION = 1.0;
				PRODUCT_BUNDLE_IDENTIFIER = com.practice.EssentialAppTests;
				PRODUCT_NAME = "$(TARGET_NAME)";
				SWIFT_EMIT_LOC_STRINGS = NO;
				SWIFT_VERSION = 5.0;
				TARGETED_DEVICE_FAMILY = "1,2";
				TEST_HOST = "$(BUILT_PRODUCTS_DIR)/EssentialApp.app/$(BUNDLE_EXECUTABLE_FOLDER_PATH)/EssentialApp";
			};
			name = Release;
		};
/* End XCBuildConfiguration section */

/* Begin XCConfigurationList section */
		22EEAFB62B8E527C0068E359 /* Build configuration list for PBXProject "EssentialApp" */ = {
			isa = XCConfigurationList;
			buildConfigurations = (
				22EEAFE32B8E527D0068E359 /* Debug */,
				22EEAFE42B8E527D0068E359 /* Release */,
			);
			defaultConfigurationIsVisible = 0;
			defaultConfigurationName = Release;
		};
		22EEAFE52B8E527D0068E359 /* Build configuration list for PBXNativeTarget "EssentialApp" */ = {
			isa = XCConfigurationList;
			buildConfigurations = (
				22EEAFE62B8E527D0068E359 /* Debug */,
				22EEAFE72B8E527D0068E359 /* Release */,
			);
			defaultConfigurationIsVisible = 0;
			defaultConfigurationName = Release;
		};
		22EEAFE82B8E527D0068E359 /* Build configuration list for PBXNativeTarget "EssentialAppTests" */ = {
			isa = XCConfigurationList;
			buildConfigurations = (
				22EEAFE92B8E527D0068E359 /* Debug */,
				22EEAFEA2B8E527D0068E359 /* Release */,
			);
			defaultConfigurationIsVisible = 0;
			defaultConfigurationName = Release;
		};
/* End XCConfigurationList section */
	};
	rootObject = 22EEAFB32B8E527C0068E359 /* Project object */;
}
